
Microsoft Visual Studio Solution File, Format Version 12.00
# Visual Studio Version 16
VisualStudioVersion = 16.0.29609.76
MinimumVisualStudioVersion = 10.0.40219.1
Project("{8BC9CEB8-8B4A-11D0-8D11-00A0C91BC942}") = "sscrap", "sscrap.vcxproj", "{79ACB07F-E970-4E0A-84BB-01D9F63396EE}"
	ProjectSection(ProjectDependencies) = postProject
		{DA6F56B4-06A4-441D-AD70-AC5A7D51FADB} = {DA6F56B4-06A4-441D-AD70-AC5A7D51FADB}
		{D1C528B6-AA02-4D29-9D61-DC08E317A70D} = {D1C528B6-AA02-4D29-9D61-DC08E317A70D}
		{8FD826F8-3739-44E6-8CC8-997122E53B8D} = {8FD826F8-3739-44E6-8CC8-997122E53B8D}
	EndProjectSection
EndProject
Project("{8BC9CEB8-8B4A-11D0-8D11-00A0C91BC942}") = "tinyxml2", "deps\tinyxml2\tinyxml2\tinyxml2.vcxproj", "{D1C528B6-AA02-4D29-9D61-DC08E317A70D}"
EndProject
Project("{8BC9CEB8-8B4A-11D0-8D11-00A0C91BC942}") = "libcurl", "deps\curl\projects\Windows\VC15\lib\libcurl.vcxproj", "{DA6F56B4-06A4-441D-AD70-AC5A7D51FADB}"
EndProject
Project("{8BC9CEB8-8B4A-11D0-8D11-00A0C91BC942}") = "zlibvc", "deps\zlib\contrib\vstudio\vc14\zlibvc.vcxproj", "{8FD826F8-3739-44E6-8CC8-997122E53B8D}"
EndProject
Global
	GlobalSection(SolutionConfigurationPlatforms) = preSolution
		Debug|Itanium = Debug|Itanium
		Debug|x64 = Debug|x64
		Debug|x86 = Debug|x86
		Debug-Dll|Itanium = Debug-Dll|Itanium
		Debug-Dll|x64 = Debug-Dll|x64
		Debug-Dll|x86 = Debug-Dll|x86
		Debug-Lib|Itanium = Debug-Lib|Itanium
		Debug-Lib|x64 = Debug-Lib|x64
		Debug-Lib|x86 = Debug-Lib|x86
		DLL Debug - DLL OpenSSL - DLL LibSSH2|Itanium = DLL Debug - DLL OpenSSL - DLL LibSSH2|Itanium
		DLL Debug - DLL OpenSSL - DLL LibSSH2|x64 = DLL Debug - DLL OpenSSL - DLL LibSSH2|x64
		DLL Debug - DLL OpenSSL - DLL LibSSH2|x86 = DLL Debug - DLL OpenSSL - DLL LibSSH2|x86
		DLL Debug - DLL OpenSSL|Itanium = DLL Debug - DLL OpenSSL|Itanium
		DLL Debug - DLL OpenSSL|x64 = DLL Debug - DLL OpenSSL|x64
		DLL Debug - DLL OpenSSL|x86 = DLL Debug - DLL OpenSSL|x86
		DLL Debug - DLL Windows SSPI - DLL WinIDN|Itanium = DLL Debug - DLL Windows SSPI - DLL WinIDN|Itanium
		DLL Debug - DLL Windows SSPI - DLL WinIDN|x64 = DLL Debug - DLL Windows SSPI - DLL WinIDN|x64
		DLL Debug - DLL Windows SSPI - DLL WinIDN|x86 = DLL Debug - DLL Windows SSPI - DLL WinIDN|x86
		DLL Debug - DLL Windows SSPI|Itanium = DLL Debug - DLL Windows SSPI|Itanium
		DLL Debug - DLL Windows SSPI|x64 = DLL Debug - DLL Windows SSPI|x64
		DLL Debug - DLL Windows SSPI|x86 = DLL Debug - DLL Windows SSPI|x86
		DLL Debug - DLL wolfSSL|Itanium = DLL Debug - DLL wolfSSL|Itanium
		DLL Debug - DLL wolfSSL|x64 = DLL Debug - DLL wolfSSL|x64
		DLL Debug - DLL wolfSSL|x86 = DLL Debug - DLL wolfSSL|x86
		DLL Debug|Itanium = DLL Debug|Itanium
		DLL Debug|x64 = DLL Debug|x64
		DLL Debug|x86 = DLL Debug|x86
		DLL Release - DLL OpenSSL - DLL LibSSH2|Itanium = DLL Release - DLL OpenSSL - DLL LibSSH2|Itanium
		DLL Release - DLL OpenSSL - DLL LibSSH2|x64 = DLL Release - DLL OpenSSL - DLL LibSSH2|x64
		DLL Release - DLL OpenSSL - DLL LibSSH2|x86 = DLL Release - DLL OpenSSL - DLL LibSSH2|x86
		DLL Release - DLL OpenSSL|Itanium = DLL Release - DLL OpenSSL|Itanium
		DLL Release - DLL OpenSSL|x64 = DLL Release - DLL OpenSSL|x64
		DLL Release - DLL OpenSSL|x86 = DLL Release - DLL OpenSSL|x86
		DLL Release - DLL Windows SSPI - DLL WinIDN|Itanium = DLL Release - DLL Windows SSPI - DLL WinIDN|Itanium
		DLL Release - DLL Windows SSPI - DLL WinIDN|x64 = DLL Release - DLL Windows SSPI - DLL WinIDN|x64
		DLL Release - DLL Windows SSPI - DLL WinIDN|x86 = DLL Release - DLL Windows SSPI - DLL WinIDN|x86
		DLL Release - DLL Windows SSPI|Itanium = DLL Release - DLL Windows SSPI|Itanium
		DLL Release - DLL Windows SSPI|x64 = DLL Release - DLL Windows SSPI|x64
		DLL Release - DLL Windows SSPI|x86 = DLL Release - DLL Windows SSPI|x86
		DLL Release - DLL wolfSSL|Itanium = DLL Release - DLL wolfSSL|Itanium
		DLL Release - DLL wolfSSL|x64 = DLL Release - DLL wolfSSL|x64
		DLL Release - DLL wolfSSL|x86 = DLL Release - DLL wolfSSL|x86
		DLL Release|Itanium = DLL Release|Itanium
		DLL Release|x64 = DLL Release|x64
		DLL Release|x86 = DLL Release|x86
		LIB Debug - DLL OpenSSL - DLL LibSSH2|Itanium = LIB Debug - DLL OpenSSL - DLL LibSSH2|Itanium
		LIB Debug - DLL OpenSSL - DLL LibSSH2|x64 = LIB Debug - DLL OpenSSL - DLL LibSSH2|x64
		LIB Debug - DLL OpenSSL - DLL LibSSH2|x86 = LIB Debug - DLL OpenSSL - DLL LibSSH2|x86
		LIB Debug - DLL OpenSSL|Itanium = LIB Debug - DLL OpenSSL|Itanium
		LIB Debug - DLL OpenSSL|x64 = LIB Debug - DLL OpenSSL|x64
		LIB Debug - DLL OpenSSL|x86 = LIB Debug - DLL OpenSSL|x86
		LIB Debug - DLL Windows SSPI - DLL WinIDN|Itanium = LIB Debug - DLL Windows SSPI - DLL WinIDN|Itanium
		LIB Debug - DLL Windows SSPI - DLL WinIDN|x64 = LIB Debug - DLL Windows SSPI - DLL WinIDN|x64
		LIB Debug - DLL Windows SSPI - DLL WinIDN|x86 = LIB Debug - DLL Windows SSPI - DLL WinIDN|x86
		LIB Debug - DLL Windows SSPI|Itanium = LIB Debug - DLL Windows SSPI|Itanium
		LIB Debug - DLL Windows SSPI|x64 = LIB Debug - DLL Windows SSPI|x64
		LIB Debug - DLL Windows SSPI|x86 = LIB Debug - DLL Windows SSPI|x86
		LIB Debug - LIB OpenSSL - LIB LibSSH2|Itanium = LIB Debug - LIB OpenSSL - LIB LibSSH2|Itanium
		LIB Debug - LIB OpenSSL - LIB LibSSH2|x64 = LIB Debug - LIB OpenSSL - LIB LibSSH2|x64
		LIB Debug - LIB OpenSSL - LIB LibSSH2|x86 = LIB Debug - LIB OpenSSL - LIB LibSSH2|x86
		LIB Debug - LIB OpenSSL|Itanium = LIB Debug - LIB OpenSSL|Itanium
		LIB Debug - LIB OpenSSL|x64 = LIB Debug - LIB OpenSSL|x64
		LIB Debug - LIB OpenSSL|x86 = LIB Debug - LIB OpenSSL|x86
		LIB Debug - LIB wolfSSL|Itanium = LIB Debug - LIB wolfSSL|Itanium
		LIB Debug - LIB wolfSSL|x64 = LIB Debug - LIB wolfSSL|x64
		LIB Debug - LIB wolfSSL|x86 = LIB Debug - LIB wolfSSL|x86
		LIB Debug|Itanium = LIB Debug|Itanium
		LIB Debug|x64 = LIB Debug|x64
		LIB Debug|x86 = LIB Debug|x86
		LIB Release - DLL OpenSSL - DLL LibSSH2|Itanium = LIB Release - DLL OpenSSL - DLL LibSSH2|Itanium
		LIB Release - DLL OpenSSL - DLL LibSSH2|x64 = LIB Release - DLL OpenSSL - DLL LibSSH2|x64
		LIB Release - DLL OpenSSL - DLL LibSSH2|x86 = LIB Release - DLL OpenSSL - DLL LibSSH2|x86
		LIB Release - DLL OpenSSL|Itanium = LIB Release - DLL OpenSSL|Itanium
		LIB Release - DLL OpenSSL|x64 = LIB Release - DLL OpenSSL|x64
		LIB Release - DLL OpenSSL|x86 = LIB Release - DLL OpenSSL|x86
		LIB Release - DLL Windows SSPI - DLL WinIDN|Itanium = LIB Release - DLL Windows SSPI - DLL WinIDN|Itanium
		LIB Release - DLL Windows SSPI - DLL WinIDN|x64 = LIB Release - DLL Windows SSPI - DLL WinIDN|x64
		LIB Release - DLL Windows SSPI - DLL WinIDN|x86 = LIB Release - DLL Windows SSPI - DLL WinIDN|x86
		LIB Release - DLL Windows SSPI|Itanium = LIB Release - DLL Windows SSPI|Itanium
		LIB Release - DLL Windows SSPI|x64 = LIB Release - DLL Windows SSPI|x64
		LIB Release - DLL Windows SSPI|x86 = LIB Release - DLL Windows SSPI|x86
		LIB Release - LIB OpenSSL - LIB LibSSH2|Itanium = LIB Release - LIB OpenSSL - LIB LibSSH2|Itanium
		LIB Release - LIB OpenSSL - LIB LibSSH2|x64 = LIB Release - LIB OpenSSL - LIB LibSSH2|x64
		LIB Release - LIB OpenSSL - LIB LibSSH2|x86 = LIB Release - LIB OpenSSL - LIB LibSSH2|x86
		LIB Release - LIB OpenSSL|Itanium = LIB Release - LIB OpenSSL|Itanium
		LIB Release - LIB OpenSSL|x64 = LIB Release - LIB OpenSSL|x64
		LIB Release - LIB OpenSSL|x86 = LIB Release - LIB OpenSSL|x86
		LIB Release - LIB wolfSSL|Itanium = LIB Release - LIB wolfSSL|Itanium
		LIB Release - LIB wolfSSL|x64 = LIB Release - LIB wolfSSL|x64
		LIB Release - LIB wolfSSL|x86 = LIB Release - LIB wolfSSL|x86
		LIB Release|Itanium = LIB Release|Itanium
		LIB Release|x64 = LIB Release|x64
		LIB Release|x86 = LIB Release|x86
		MinSizeRel|Itanium = MinSizeRel|Itanium
		MinSizeRel|x64 = MinSizeRel|x64
		MinSizeRel|x86 = MinSizeRel|x86
		Release|Itanium = Release|Itanium
		Release|x64 = Release|x64
		Release|x86 = Release|x86
		Release-Dll|Itanium = Release-Dll|Itanium
		Release-Dll|x64 = Release-Dll|x64
		Release-Dll|x86 = Release-Dll|x86
		Release-Lib|Itanium = Release-Lib|Itanium
		Release-Lib|x64 = Release-Lib|x64
		Release-Lib|x86 = Release-Lib|x86
		ReleaseWithoutAsm|Itanium = ReleaseWithoutAsm|Itanium
		ReleaseWithoutAsm|x64 = ReleaseWithoutAsm|x64
		ReleaseWithoutAsm|x86 = ReleaseWithoutAsm|x86
		RelWithDebInfo|Itanium = RelWithDebInfo|Itanium
		RelWithDebInfo|x64 = RelWithDebInfo|x64
		RelWithDebInfo|x86 = RelWithDebInfo|x86
	EndGlobalSection
	GlobalSection(ProjectConfigurationPlatforms) = postSolution
		{79ACB07F-E970-4E0A-84BB-01D9F63396EE}.Debug|Itanium.ActiveCfg = Debug|Win32
		{79ACB07F-E970-4E0A-84BB-01D9F63396EE}.Debug|x64.ActiveCfg = Debug|x64
		{79ACB07F-E970-4E0A-84BB-01D9F63396EE}.Debug|x64.Build.0 = Debug|x64
		{79ACB07F-E970-4E0A-84BB-01D9F63396EE}.Debug|x86.ActiveCfg = Debug|Win32
		{79ACB07F-E970-4E0A-84BB-01D9F63396EE}.Debug|x86.Build.0 = Debug|Win32
		{79ACB07F-E970-4E0A-84BB-01D9F63396EE}.Debug-Dll|Itanium.ActiveCfg = Release|Win32
		{79ACB07F-E970-4E0A-84BB-01D9F63396EE}.Debug-Dll|Itanium.Build.0 = Release|Win32
		{79ACB07F-E970-4E0A-84BB-01D9F63396EE}.Debug-Dll|x64.ActiveCfg = Debug|x64
		{79ACB07F-E970-4E0A-84BB-01D9F63396EE}.Debug-Dll|x64.Build.0 = Debug|x64
		{79ACB07F-E970-4E0A-84BB-01D9F63396EE}.Debug-Dll|x86.ActiveCfg = Debug|Win32
		{79ACB07F-E970-4E0A-84BB-01D9F63396EE}.Debug-Dll|x86.Build.0 = Debug|Win32
		{79ACB07F-E970-4E0A-84BB-01D9F63396EE}.Debug-Lib|Itanium.ActiveCfg = Release|Win32
		{79ACB07F-E970-4E0A-84BB-01D9F63396EE}.Debug-Lib|Itanium.Build.0 = Release|Win32
		{79ACB07F-E970-4E0A-84BB-01D9F63396EE}.Debug-Lib|x64.ActiveCfg = Debug|x64
		{79ACB07F-E970-4E0A-84BB-01D9F63396EE}.Debug-Lib|x64.Build.0 = Debug|x64
		{79ACB07F-E970-4E0A-84BB-01D9F63396EE}.Debug-Lib|x86.ActiveCfg = Debug|Win32
		{79ACB07F-E970-4E0A-84BB-01D9F63396EE}.Debug-Lib|x86.Build.0 = Debug|Win32
		{79ACB07F-E970-4E0A-84BB-01D9F63396EE}.DLL Debug - DLL OpenSSL - DLL LibSSH2|Itanium.ActiveCfg = Release|Win32
		{79ACB07F-E970-4E0A-84BB-01D9F63396EE}.DLL Debug - DLL OpenSSL - DLL LibSSH2|Itanium.Build.0 = Release|Win32
		{79ACB07F-E970-4E0A-84BB-01D9F63396EE}.DLL Debug - DLL OpenSSL - DLL LibSSH2|x64.ActiveCfg = Debug|x64
		{79ACB07F-E970-4E0A-84BB-01D9F63396EE}.DLL Debug - DLL OpenSSL - DLL LibSSH2|x64.Build.0 = Debug|x64
		{79ACB07F-E970-4E0A-84BB-01D9F63396EE}.DLL Debug - DLL OpenSSL - DLL LibSSH2|x86.ActiveCfg = Debug|Win32
		{79ACB07F-E970-4E0A-84BB-01D9F63396EE}.DLL Debug - DLL OpenSSL - DLL LibSSH2|x86.Build.0 = Debug|Win32
		{79ACB07F-E970-4E0A-84BB-01D9F63396EE}.DLL Debug - DLL OpenSSL|Itanium.ActiveCfg = Release|Win32
		{79ACB07F-E970-4E0A-84BB-01D9F63396EE}.DLL Debug - DLL OpenSSL|Itanium.Build.0 = Release|Win32
		{79ACB07F-E970-4E0A-84BB-01D9F63396EE}.DLL Debug - DLL OpenSSL|x64.ActiveCfg = Debug|x64
		{79ACB07F-E970-4E0A-84BB-01D9F63396EE}.DLL Debug - DLL OpenSSL|x64.Build.0 = Debug|x64
		{79ACB07F-E970-4E0A-84BB-01D9F63396EE}.DLL Debug - DLL OpenSSL|x86.ActiveCfg = Debug|Win32
		{79ACB07F-E970-4E0A-84BB-01D9F63396EE}.DLL Debug - DLL OpenSSL|x86.Build.0 = Debug|Win32
		{79ACB07F-E970-4E0A-84BB-01D9F63396EE}.DLL Debug - DLL Windows SSPI - DLL WinIDN|Itanium.ActiveCfg = Release|Win32
		{79ACB07F-E970-4E0A-84BB-01D9F63396EE}.DLL Debug - DLL Windows SSPI - DLL WinIDN|Itanium.Build.0 = Release|Win32
		{79ACB07F-E970-4E0A-84BB-01D9F63396EE}.DLL Debug - DLL Windows SSPI - DLL WinIDN|x64.ActiveCfg = Debug|x64
		{79ACB07F-E970-4E0A-84BB-01D9F63396EE}.DLL Debug - DLL Windows SSPI - DLL WinIDN|x64.Build.0 = Debug|x64
		{79ACB07F-E970-4E0A-84BB-01D9F63396EE}.DLL Debug - DLL Windows SSPI - DLL WinIDN|x86.ActiveCfg = Debug|Win32
		{79ACB07F-E970-4E0A-84BB-01D9F63396EE}.DLL Debug - DLL Windows SSPI - DLL WinIDN|x86.Build.0 = Debug|Win32
		{79ACB07F-E970-4E0A-84BB-01D9F63396EE}.DLL Debug - DLL Windows SSPI|Itanium.ActiveCfg = Release|Win32
		{79ACB07F-E970-4E0A-84BB-01D9F63396EE}.DLL Debug - DLL Windows SSPI|Itanium.Build.0 = Release|Win32
		{79ACB07F-E970-4E0A-84BB-01D9F63396EE}.DLL Debug - DLL Windows SSPI|x64.ActiveCfg = Debug|x64
		{79ACB07F-E970-4E0A-84BB-01D9F63396EE}.DLL Debug - DLL Windows SSPI|x64.Build.0 = Debug|x64
		{79ACB07F-E970-4E0A-84BB-01D9F63396EE}.DLL Debug - DLL Windows SSPI|x86.ActiveCfg = Debug|Win32
		{79ACB07F-E970-4E0A-84BB-01D9F63396EE}.DLL Debug - DLL Windows SSPI|x86.Build.0 = Debug|Win32
		{79ACB07F-E970-4E0A-84BB-01D9F63396EE}.DLL Debug - DLL wolfSSL|Itanium.ActiveCfg = Release|Win32
		{79ACB07F-E970-4E0A-84BB-01D9F63396EE}.DLL Debug - DLL wolfSSL|Itanium.Build.0 = Release|Win32
		{79ACB07F-E970-4E0A-84BB-01D9F63396EE}.DLL Debug - DLL wolfSSL|x64.ActiveCfg = Debug|x64
		{79ACB07F-E970-4E0A-84BB-01D9F63396EE}.DLL Debug - DLL wolfSSL|x64.Build.0 = Debug|x64
		{79ACB07F-E970-4E0A-84BB-01D9F63396EE}.DLL Debug - DLL wolfSSL|x86.ActiveCfg = Debug|Win32
		{79ACB07F-E970-4E0A-84BB-01D9F63396EE}.DLL Debug - DLL wolfSSL|x86.Build.0 = Debug|Win32
		{79ACB07F-E970-4E0A-84BB-01D9F63396EE}.DLL Debug|Itanium.ActiveCfg = Release|Win32
		{79ACB07F-E970-4E0A-84BB-01D9F63396EE}.DLL Debug|Itanium.Build.0 = Release|Win32
		{79ACB07F-E970-4E0A-84BB-01D9F63396EE}.DLL Debug|x64.ActiveCfg = Debug|x64
		{79ACB07F-E970-4E0A-84BB-01D9F63396EE}.DLL Debug|x64.Build.0 = Debug|x64
		{79ACB07F-E970-4E0A-84BB-01D9F63396EE}.DLL Debug|x86.ActiveCfg = Debug|Win32
		{79ACB07F-E970-4E0A-84BB-01D9F63396EE}.DLL Debug|x86.Build.0 = Debug|Win32
		{79ACB07F-E970-4E0A-84BB-01D9F63396EE}.DLL Release - DLL OpenSSL - DLL LibSSH2|Itanium.ActiveCfg = Release|Win32
		{79ACB07F-E970-4E0A-84BB-01D9F63396EE}.DLL Release - DLL OpenSSL - DLL LibSSH2|Itanium.Build.0 = Release|Win32
		{79ACB07F-E970-4E0A-84BB-01D9F63396EE}.DLL Release - DLL OpenSSL - DLL LibSSH2|x64.ActiveCfg = Release|x64
		{79ACB07F-E970-4E0A-84BB-01D9F63396EE}.DLL Release - DLL OpenSSL - DLL LibSSH2|x64.Build.0 = Release|x64
		{79ACB07F-E970-4E0A-84BB-01D9F63396EE}.DLL Release - DLL OpenSSL - DLL LibSSH2|x86.ActiveCfg = Release|Win32
		{79ACB07F-E970-4E0A-84BB-01D9F63396EE}.DLL Release - DLL OpenSSL - DLL LibSSH2|x86.Build.0 = Release|Win32
		{79ACB07F-E970-4E0A-84BB-01D9F63396EE}.DLL Release - DLL OpenSSL|Itanium.ActiveCfg = Release|Win32
		{79ACB07F-E970-4E0A-84BB-01D9F63396EE}.DLL Release - DLL OpenSSL|Itanium.Build.0 = Release|Win32
		{79ACB07F-E970-4E0A-84BB-01D9F63396EE}.DLL Release - DLL OpenSSL|x64.ActiveCfg = Release|x64
		{79ACB07F-E970-4E0A-84BB-01D9F63396EE}.DLL Release - DLL OpenSSL|x64.Build.0 = Release|x64
		{79ACB07F-E970-4E0A-84BB-01D9F63396EE}.DLL Release - DLL OpenSSL|x86.ActiveCfg = Release|Win32
		{79ACB07F-E970-4E0A-84BB-01D9F63396EE}.DLL Release - DLL OpenSSL|x86.Build.0 = Release|Win32
		{79ACB07F-E970-4E0A-84BB-01D9F63396EE}.DLL Release - DLL Windows SSPI - DLL WinIDN|Itanium.ActiveCfg = Release|Win32
		{79ACB07F-E970-4E0A-84BB-01D9F63396EE}.DLL Release - DLL Windows SSPI - DLL WinIDN|Itanium.Build.0 = Release|Win32
		{79ACB07F-E970-4E0A-84BB-01D9F63396EE}.DLL Release - DLL Windows SSPI - DLL WinIDN|x64.ActiveCfg = Release|x64
		{79ACB07F-E970-4E0A-84BB-01D9F63396EE}.DLL Release - DLL Windows SSPI - DLL WinIDN|x64.Build.0 = Release|x64
		{79ACB07F-E970-4E0A-84BB-01D9F63396EE}.DLL Release - DLL Windows SSPI - DLL WinIDN|x86.ActiveCfg = Release|Win32
		{79ACB07F-E970-4E0A-84BB-01D9F63396EE}.DLL Release - DLL Windows SSPI - DLL WinIDN|x86.Build.0 = Release|Win32
		{79ACB07F-E970-4E0A-84BB-01D9F63396EE}.DLL Release - DLL Windows SSPI|Itanium.ActiveCfg = Release|Win32
		{79ACB07F-E970-4E0A-84BB-01D9F63396EE}.DLL Release - DLL Windows SSPI|Itanium.Build.0 = Release|Win32
		{79ACB07F-E970-4E0A-84BB-01D9F63396EE}.DLL Release - DLL Windows SSPI|x64.ActiveCfg = Release|x64
		{79ACB07F-E970-4E0A-84BB-01D9F63396EE}.DLL Release - DLL Windows SSPI|x64.Build.0 = Release|x64
		{79ACB07F-E970-4E0A-84BB-01D9F63396EE}.DLL Release - DLL Windows SSPI|x86.ActiveCfg = Release|Win32
		{79ACB07F-E970-4E0A-84BB-01D9F63396EE}.DLL Release - DLL Windows SSPI|x86.Build.0 = Release|Win32
		{79ACB07F-E970-4E0A-84BB-01D9F63396EE}.DLL Release - DLL wolfSSL|Itanium.ActiveCfg = Release|Win32
		{79ACB07F-E970-4E0A-84BB-01D9F63396EE}.DLL Release - DLL wolfSSL|Itanium.Build.0 = Release|Win32
		{79ACB07F-E970-4E0A-84BB-01D9F63396EE}.DLL Release - DLL wolfSSL|x64.ActiveCfg = Release|x64
		{79ACB07F-E970-4E0A-84BB-01D9F63396EE}.DLL Release - DLL wolfSSL|x64.Build.0 = Release|x64
		{79ACB07F-E970-4E0A-84BB-01D9F63396EE}.DLL Release - DLL wolfSSL|x86.ActiveCfg = Release|Win32
		{79ACB07F-E970-4E0A-84BB-01D9F63396EE}.DLL Release - DLL wolfSSL|x86.Build.0 = Release|Win32
		{79ACB07F-E970-4E0A-84BB-01D9F63396EE}.DLL Release|Itanium.ActiveCfg = Release|Win32
		{79ACB07F-E970-4E0A-84BB-01D9F63396EE}.DLL Release|Itanium.Build.0 = Release|Win32
		{79ACB07F-E970-4E0A-84BB-01D9F63396EE}.DLL Release|x64.ActiveCfg = Release|x64
		{79ACB07F-E970-4E0A-84BB-01D9F63396EE}.DLL Release|x64.Build.0 = Release|x64
		{79ACB07F-E970-4E0A-84BB-01D9F63396EE}.DLL Release|x86.ActiveCfg = Release|Win32
		{79ACB07F-E970-4E0A-84BB-01D9F63396EE}.DLL Release|x86.Build.0 = Release|Win32
		{79ACB07F-E970-4E0A-84BB-01D9F63396EE}.LIB Debug - DLL OpenSSL - DLL LibSSH2|Itanium.ActiveCfg = Release|Win32
		{79ACB07F-E970-4E0A-84BB-01D9F63396EE}.LIB Debug - DLL OpenSSL - DLL LibSSH2|Itanium.Build.0 = Release|Win32
		{79ACB07F-E970-4E0A-84BB-01D9F63396EE}.LIB Debug - DLL OpenSSL - DLL LibSSH2|x64.ActiveCfg = Debug|x64
		{79ACB07F-E970-4E0A-84BB-01D9F63396EE}.LIB Debug - DLL OpenSSL - DLL LibSSH2|x64.Build.0 = Debug|x64
		{79ACB07F-E970-4E0A-84BB-01D9F63396EE}.LIB Debug - DLL OpenSSL - DLL LibSSH2|x86.ActiveCfg = Debug|Win32
		{79ACB07F-E970-4E0A-84BB-01D9F63396EE}.LIB Debug - DLL OpenSSL - DLL LibSSH2|x86.Build.0 = Debug|Win32
		{79ACB07F-E970-4E0A-84BB-01D9F63396EE}.LIB Debug - DLL OpenSSL|Itanium.ActiveCfg = Release|Win32
		{79ACB07F-E970-4E0A-84BB-01D9F63396EE}.LIB Debug - DLL OpenSSL|Itanium.Build.0 = Release|Win32
		{79ACB07F-E970-4E0A-84BB-01D9F63396EE}.LIB Debug - DLL OpenSSL|x64.ActiveCfg = Debug|x64
		{79ACB07F-E970-4E0A-84BB-01D9F63396EE}.LIB Debug - DLL OpenSSL|x64.Build.0 = Debug|x64
		{79ACB07F-E970-4E0A-84BB-01D9F63396EE}.LIB Debug - DLL OpenSSL|x86.ActiveCfg = Debug|Win32
		{79ACB07F-E970-4E0A-84BB-01D9F63396EE}.LIB Debug - DLL OpenSSL|x86.Build.0 = Debug|Win32
		{79ACB07F-E970-4E0A-84BB-01D9F63396EE}.LIB Debug - DLL Windows SSPI - DLL WinIDN|Itanium.ActiveCfg = Release|Win32
		{79ACB07F-E970-4E0A-84BB-01D9F63396EE}.LIB Debug - DLL Windows SSPI - DLL WinIDN|Itanium.Build.0 = Release|Win32
		{79ACB07F-E970-4E0A-84BB-01D9F63396EE}.LIB Debug - DLL Windows SSPI - DLL WinIDN|x64.ActiveCfg = Debug|x64
		{79ACB07F-E970-4E0A-84BB-01D9F63396EE}.LIB Debug - DLL Windows SSPI - DLL WinIDN|x64.Build.0 = Debug|x64
		{79ACB07F-E970-4E0A-84BB-01D9F63396EE}.LIB Debug - DLL Windows SSPI - DLL WinIDN|x86.ActiveCfg = Debug|Win32
		{79ACB07F-E970-4E0A-84BB-01D9F63396EE}.LIB Debug - DLL Windows SSPI - DLL WinIDN|x86.Build.0 = Debug|Win32
		{79ACB07F-E970-4E0A-84BB-01D9F63396EE}.LIB Debug - DLL Windows SSPI|Itanium.ActiveCfg = Release|Win32
		{79ACB07F-E970-4E0A-84BB-01D9F63396EE}.LIB Debug - DLL Windows SSPI|Itanium.Build.0 = Release|Win32
		{79ACB07F-E970-4E0A-84BB-01D9F63396EE}.LIB Debug - DLL Windows SSPI|x64.ActiveCfg = Debug|x64
		{79ACB07F-E970-4E0A-84BB-01D9F63396EE}.LIB Debug - DLL Windows SSPI|x64.Build.0 = Debug|x64
		{79ACB07F-E970-4E0A-84BB-01D9F63396EE}.LIB Debug - DLL Windows SSPI|x86.ActiveCfg = Debug|Win32
		{79ACB07F-E970-4E0A-84BB-01D9F63396EE}.LIB Debug - DLL Windows SSPI|x86.Build.0 = Debug|Win32
		{79ACB07F-E970-4E0A-84BB-01D9F63396EE}.LIB Debug - LIB OpenSSL - LIB LibSSH2|Itanium.ActiveCfg = Release|Win32
		{79ACB07F-E970-4E0A-84BB-01D9F63396EE}.LIB Debug - LIB OpenSSL - LIB LibSSH2|Itanium.Build.0 = Release|Win32
		{79ACB07F-E970-4E0A-84BB-01D9F63396EE}.LIB Debug - LIB OpenSSL - LIB LibSSH2|x64.ActiveCfg = Debug|x64
		{79ACB07F-E970-4E0A-84BB-01D9F63396EE}.LIB Debug - LIB OpenSSL - LIB LibSSH2|x64.Build.0 = Debug|x64
		{79ACB07F-E970-4E0A-84BB-01D9F63396EE}.LIB Debug - LIB OpenSSL - LIB LibSSH2|x86.ActiveCfg = Debug|Win32
		{79ACB07F-E970-4E0A-84BB-01D9F63396EE}.LIB Debug - LIB OpenSSL - LIB LibSSH2|x86.Build.0 = Debug|Win32
		{79ACB07F-E970-4E0A-84BB-01D9F63396EE}.LIB Debug - LIB OpenSSL|Itanium.ActiveCfg = Release|Win32
		{79ACB07F-E970-4E0A-84BB-01D9F63396EE}.LIB Debug - LIB OpenSSL|Itanium.Build.0 = Release|Win32
		{79ACB07F-E970-4E0A-84BB-01D9F63396EE}.LIB Debug - LIB OpenSSL|x64.ActiveCfg = Debug|x64
		{79ACB07F-E970-4E0A-84BB-01D9F63396EE}.LIB Debug - LIB OpenSSL|x64.Build.0 = Debug|x64
		{79ACB07F-E970-4E0A-84BB-01D9F63396EE}.LIB Debug - LIB OpenSSL|x86.ActiveCfg = Debug|Win32
		{79ACB07F-E970-4E0A-84BB-01D9F63396EE}.LIB Debug - LIB OpenSSL|x86.Build.0 = Debug|Win32
		{79ACB07F-E970-4E0A-84BB-01D9F63396EE}.LIB Debug - LIB wolfSSL|Itanium.ActiveCfg = Release|Win32
		{79ACB07F-E970-4E0A-84BB-01D9F63396EE}.LIB Debug - LIB wolfSSL|Itanium.Build.0 = Release|Win32
		{79ACB07F-E970-4E0A-84BB-01D9F63396EE}.LIB Debug - LIB wolfSSL|x64.ActiveCfg = Debug|x64
		{79ACB07F-E970-4E0A-84BB-01D9F63396EE}.LIB Debug - LIB wolfSSL|x64.Build.0 = Debug|x64
		{79ACB07F-E970-4E0A-84BB-01D9F63396EE}.LIB Debug - LIB wolfSSL|x86.ActiveCfg = Debug|Win32
		{79ACB07F-E970-4E0A-84BB-01D9F63396EE}.LIB Debug - LIB wolfSSL|x86.Build.0 = Debug|Win32
		{79ACB07F-E970-4E0A-84BB-01D9F63396EE}.LIB Debug|Itanium.ActiveCfg = Release|Win32
		{79ACB07F-E970-4E0A-84BB-01D9F63396EE}.LIB Debug|Itanium.Build.0 = Release|Win32
		{79ACB07F-E970-4E0A-84BB-01D9F63396EE}.LIB Debug|x64.ActiveCfg = Debug|x64
		{79ACB07F-E970-4E0A-84BB-01D9F63396EE}.LIB Debug|x64.Build.0 = Debug|x64
		{79ACB07F-E970-4E0A-84BB-01D9F63396EE}.LIB Debug|x86.ActiveCfg = Debug|Win32
		{79ACB07F-E970-4E0A-84BB-01D9F63396EE}.LIB Debug|x86.Build.0 = Debug|Win32
		{79ACB07F-E970-4E0A-84BB-01D9F63396EE}.LIB Release - DLL OpenSSL - DLL LibSSH2|Itanium.ActiveCfg = Release|Win32
		{79ACB07F-E970-4E0A-84BB-01D9F63396EE}.LIB Release - DLL OpenSSL - DLL LibSSH2|Itanium.Build.0 = Release|Win32
		{79ACB07F-E970-4E0A-84BB-01D9F63396EE}.LIB Release - DLL OpenSSL - DLL LibSSH2|x64.ActiveCfg = Release|x64
		{79ACB07F-E970-4E0A-84BB-01D9F63396EE}.LIB Release - DLL OpenSSL - DLL LibSSH2|x64.Build.0 = Release|x64
		{79ACB07F-E970-4E0A-84BB-01D9F63396EE}.LIB Release - DLL OpenSSL - DLL LibSSH2|x86.ActiveCfg = Release|Win32
		{79ACB07F-E970-4E0A-84BB-01D9F63396EE}.LIB Release - DLL OpenSSL - DLL LibSSH2|x86.Build.0 = Release|Win32
		{79ACB07F-E970-4E0A-84BB-01D9F63396EE}.LIB Release - DLL OpenSSL|Itanium.ActiveCfg = Release|Win32
		{79ACB07F-E970-4E0A-84BB-01D9F63396EE}.LIB Release - DLL OpenSSL|Itanium.Build.0 = Release|Win32
		{79ACB07F-E970-4E0A-84BB-01D9F63396EE}.LIB Release - DLL OpenSSL|x64.ActiveCfg = Release|x64
		{79ACB07F-E970-4E0A-84BB-01D9F63396EE}.LIB Release - DLL OpenSSL|x64.Build.0 = Release|x64
		{79ACB07F-E970-4E0A-84BB-01D9F63396EE}.LIB Release - DLL OpenSSL|x86.ActiveCfg = Release|Win32
		{79ACB07F-E970-4E0A-84BB-01D9F63396EE}.LIB Release - DLL OpenSSL|x86.Build.0 = Release|Win32
		{79ACB07F-E970-4E0A-84BB-01D9F63396EE}.LIB Release - DLL Windows SSPI - DLL WinIDN|Itanium.ActiveCfg = Release|Win32
		{79ACB07F-E970-4E0A-84BB-01D9F63396EE}.LIB Release - DLL Windows SSPI - DLL WinIDN|Itanium.Build.0 = Release|Win32
		{79ACB07F-E970-4E0A-84BB-01D9F63396EE}.LIB Release - DLL Windows SSPI - DLL WinIDN|x64.ActiveCfg = Release|x64
		{79ACB07F-E970-4E0A-84BB-01D9F63396EE}.LIB Release - DLL Windows SSPI - DLL WinIDN|x64.Build.0 = Release|x64
		{79ACB07F-E970-4E0A-84BB-01D9F63396EE}.LIB Release - DLL Windows SSPI - DLL WinIDN|x86.ActiveCfg = Release|Win32
		{79ACB07F-E970-4E0A-84BB-01D9F63396EE}.LIB Release - DLL Windows SSPI - DLL WinIDN|x86.Build.0 = Release|Win32
		{79ACB07F-E970-4E0A-84BB-01D9F63396EE}.LIB Release - DLL Windows SSPI|Itanium.ActiveCfg = Release|Win32
		{79ACB07F-E970-4E0A-84BB-01D9F63396EE}.LIB Release - DLL Windows SSPI|Itanium.Build.0 = Release|Win32
		{79ACB07F-E970-4E0A-84BB-01D9F63396EE}.LIB Release - DLL Windows SSPI|x64.ActiveCfg = Release|x64
		{79ACB07F-E970-4E0A-84BB-01D9F63396EE}.LIB Release - DLL Windows SSPI|x64.Build.0 = Release|x64
		{79ACB07F-E970-4E0A-84BB-01D9F63396EE}.LIB Release - DLL Windows SSPI|x86.ActiveCfg = Release|Win32
		{79ACB07F-E970-4E0A-84BB-01D9F63396EE}.LIB Release - DLL Windows SSPI|x86.Build.0 = Release|Win32
		{79ACB07F-E970-4E0A-84BB-01D9F63396EE}.LIB Release - LIB OpenSSL - LIB LibSSH2|Itanium.ActiveCfg = Release|Win32
		{79ACB07F-E970-4E0A-84BB-01D9F63396EE}.LIB Release - LIB OpenSSL - LIB LibSSH2|Itanium.Build.0 = Release|Win32
		{79ACB07F-E970-4E0A-84BB-01D9F63396EE}.LIB Release - LIB OpenSSL - LIB LibSSH2|x64.ActiveCfg = Release|x64
		{79ACB07F-E970-4E0A-84BB-01D9F63396EE}.LIB Release - LIB OpenSSL - LIB LibSSH2|x64.Build.0 = Release|x64
		{79ACB07F-E970-4E0A-84BB-01D9F63396EE}.LIB Release - LIB OpenSSL - LIB LibSSH2|x86.ActiveCfg = Release|Win32
		{79ACB07F-E970-4E0A-84BB-01D9F63396EE}.LIB Release - LIB OpenSSL - LIB LibSSH2|x86.Build.0 = Release|Win32
		{79ACB07F-E970-4E0A-84BB-01D9F63396EE}.LIB Release - LIB OpenSSL|Itanium.ActiveCfg = Release|Win32
		{79ACB07F-E970-4E0A-84BB-01D9F63396EE}.LIB Release - LIB OpenSSL|Itanium.Build.0 = Release|Win32
		{79ACB07F-E970-4E0A-84BB-01D9F63396EE}.LIB Release - LIB OpenSSL|x64.ActiveCfg = Release|x64
		{79ACB07F-E970-4E0A-84BB-01D9F63396EE}.LIB Release - LIB OpenSSL|x64.Build.0 = Release|x64
		{79ACB07F-E970-4E0A-84BB-01D9F63396EE}.LIB Release - LIB OpenSSL|x86.ActiveCfg = Release|Win32
		{79ACB07F-E970-4E0A-84BB-01D9F63396EE}.LIB Release - LIB OpenSSL|x86.Build.0 = Release|Win32
		{79ACB07F-E970-4E0A-84BB-01D9F63396EE}.LIB Release - LIB wolfSSL|Itanium.ActiveCfg = Release|Win32
		{79ACB07F-E970-4E0A-84BB-01D9F63396EE}.LIB Release - LIB wolfSSL|Itanium.Build.0 = Release|Win32
		{79ACB07F-E970-4E0A-84BB-01D9F63396EE}.LIB Release - LIB wolfSSL|x64.ActiveCfg = Release|x64
		{79ACB07F-E970-4E0A-84BB-01D9F63396EE}.LIB Release - LIB wolfSSL|x64.Build.0 = Release|x64
		{79ACB07F-E970-4E0A-84BB-01D9F63396EE}.LIB Release - LIB wolfSSL|x86.ActiveCfg = Release|Win32
		{79ACB07F-E970-4E0A-84BB-01D9F63396EE}.LIB Release - LIB wolfSSL|x86.Build.0 = Release|Win32
		{79ACB07F-E970-4E0A-84BB-01D9F63396EE}.LIB Release|Itanium.ActiveCfg = Release|Win32
		{79ACB07F-E970-4E0A-84BB-01D9F63396EE}.LIB Release|Itanium.Build.0 = Release|Win32
		{79ACB07F-E970-4E0A-84BB-01D9F63396EE}.LIB Release|x64.ActiveCfg = Release|x64
		{79ACB07F-E970-4E0A-84BB-01D9F63396EE}.LIB Release|x64.Build.0 = Release|x64
		{79ACB07F-E970-4E0A-84BB-01D9F63396EE}.LIB Release|x86.ActiveCfg = Release|Win32
		{79ACB07F-E970-4E0A-84BB-01D9F63396EE}.LIB Release|x86.Build.0 = Release|Win32
		{79ACB07F-E970-4E0A-84BB-01D9F63396EE}.MinSizeRel|Itanium.ActiveCfg = Release|Win32
		{79ACB07F-E970-4E0A-84BB-01D9F63396EE}.MinSizeRel|Itanium.Build.0 = Release|Win32
		{79ACB07F-E970-4E0A-84BB-01D9F63396EE}.MinSizeRel|x64.ActiveCfg = Release|x64
		{79ACB07F-E970-4E0A-84BB-01D9F63396EE}.MinSizeRel|x64.Build.0 = Release|x64
		{79ACB07F-E970-4E0A-84BB-01D9F63396EE}.MinSizeRel|x86.ActiveCfg = Release|Win32
		{79ACB07F-E970-4E0A-84BB-01D9F63396EE}.MinSizeRel|x86.Build.0 = Release|Win32
		{79ACB07F-E970-4E0A-84BB-01D9F63396EE}.Release|Itanium.ActiveCfg = Release|Win32
		{79ACB07F-E970-4E0A-84BB-01D9F63396EE}.Release|x64.ActiveCfg = Release|x64
		{79ACB07F-E970-4E0A-84BB-01D9F63396EE}.Release|x64.Build.0 = Release|x64
		{79ACB07F-E970-4E0A-84BB-01D9F63396EE}.Release|x86.ActiveCfg = Release|Win32
		{79ACB07F-E970-4E0A-84BB-01D9F63396EE}.Release|x86.Build.0 = Release|Win32
		{79ACB07F-E970-4E0A-84BB-01D9F63396EE}.Release-Dll|Itanium.ActiveCfg = Release|Win32
		{79ACB07F-E970-4E0A-84BB-01D9F63396EE}.Release-Dll|Itanium.Build.0 = Release|Win32
		{79ACB07F-E970-4E0A-84BB-01D9F63396EE}.Release-Dll|x64.ActiveCfg = Release|x64
		{79ACB07F-E970-4E0A-84BB-01D9F63396EE}.Release-Dll|x64.Build.0 = Release|x64
		{79ACB07F-E970-4E0A-84BB-01D9F63396EE}.Release-Dll|x86.ActiveCfg = Release|Win32
		{79ACB07F-E970-4E0A-84BB-01D9F63396EE}.Release-Dll|x86.Build.0 = Release|Win32
		{79ACB07F-E970-4E0A-84BB-01D9F63396EE}.Release-Lib|Itanium.ActiveCfg = Release|Win32
		{79ACB07F-E970-4E0A-84BB-01D9F63396EE}.Release-Lib|Itanium.Build.0 = Release|Win32
		{79ACB07F-E970-4E0A-84BB-01D9F63396EE}.Release-Lib|x64.ActiveCfg = Release|x64
		{79ACB07F-E970-4E0A-84BB-01D9F63396EE}.Release-Lib|x64.Build.0 = Release|x64
		{79ACB07F-E970-4E0A-84BB-01D9F63396EE}.Release-Lib|x86.ActiveCfg = Release|Win32
		{79ACB07F-E970-4E0A-84BB-01D9F63396EE}.Release-Lib|x86.Build.0 = Release|Win32
		{79ACB07F-E970-4E0A-84BB-01D9F63396EE}.ReleaseWithoutAsm|Itanium.ActiveCfg = Release|Win32
		{79ACB07F-E970-4E0A-84BB-01D9F63396EE}.ReleaseWithoutAsm|Itanium.Build.0 = Release|Win32
		{79ACB07F-E970-4E0A-84BB-01D9F63396EE}.ReleaseWithoutAsm|x64.ActiveCfg = Release|x64
		{79ACB07F-E970-4E0A-84BB-01D9F63396EE}.ReleaseWithoutAsm|x64.Build.0 = Release|x64
		{79ACB07F-E970-4E0A-84BB-01D9F63396EE}.ReleaseWithoutAsm|x86.ActiveCfg = Release|Win32
		{79ACB07F-E970-4E0A-84BB-01D9F63396EE}.ReleaseWithoutAsm|x86.Build.0 = Release|Win32
		{79ACB07F-E970-4E0A-84BB-01D9F63396EE}.RelWithDebInfo|Itanium.ActiveCfg = Release|Win32
		{79ACB07F-E970-4E0A-84BB-01D9F63396EE}.RelWithDebInfo|Itanium.Build.0 = Release|Win32
		{79ACB07F-E970-4E0A-84BB-01D9F63396EE}.RelWithDebInfo|x64.ActiveCfg = Release|x64
		{79ACB07F-E970-4E0A-84BB-01D9F63396EE}.RelWithDebInfo|x64.Build.0 = Release|x64
		{79ACB07F-E970-4E0A-84BB-01D9F63396EE}.RelWithDebInfo|x86.ActiveCfg = Release|Win32
		{79ACB07F-E970-4E0A-84BB-01D9F63396EE}.RelWithDebInfo|x86.Build.0 = Release|Win32
		{D1C528B6-AA02-4D29-9D61-DC08E317A70D}.Debug|Itanium.ActiveCfg = Release-Dll|Win32
		{D1C528B6-AA02-4D29-9D61-DC08E317A70D}.Debug|Itanium.Build.0 = Release-Dll|Win32
		{D1C528B6-AA02-4D29-9D61-DC08E317A70D}.Debug|x64.ActiveCfg = Debug-Dll|x64
		{D1C528B6-AA02-4D29-9D61-DC08E317A70D}.Debug|x64.Build.0 = Debug-Dll|x64
		{D1C528B6-AA02-4D29-9D61-DC08E317A70D}.Debug|x86.ActiveCfg = Debug-Dll|Win32
		{D1C528B6-AA02-4D29-9D61-DC08E317A70D}.Debug|x86.Build.0 = Debug-Dll|Win32
		{D1C528B6-AA02-4D29-9D61-DC08E317A70D}.Debug-Dll|Itanium.ActiveCfg = Debug-Dll|Win32
		{D1C528B6-AA02-4D29-9D61-DC08E317A70D}.Debug-Dll|x64.ActiveCfg = Debug-Dll|x64
		{D1C528B6-AA02-4D29-9D61-DC08E317A70D}.Debug-Dll|x64.Build.0 = Debug-Dll|x64
		{D1C528B6-AA02-4D29-9D61-DC08E317A70D}.Debug-Dll|x86.ActiveCfg = Debug-Dll|Win32
		{D1C528B6-AA02-4D29-9D61-DC08E317A70D}.Debug-Dll|x86.Build.0 = Debug-Dll|Win32
		{D1C528B6-AA02-4D29-9D61-DC08E317A70D}.Debug-Lib|Itanium.ActiveCfg = Debug-Lib|Win32
		{D1C528B6-AA02-4D29-9D61-DC08E317A70D}.Debug-Lib|x64.ActiveCfg = Debug-Lib|x64
		{D1C528B6-AA02-4D29-9D61-DC08E317A70D}.Debug-Lib|x64.Build.0 = Debug-Lib|x64
		{D1C528B6-AA02-4D29-9D61-DC08E317A70D}.Debug-Lib|x86.ActiveCfg = Debug-Lib|Win32
		{D1C528B6-AA02-4D29-9D61-DC08E317A70D}.Debug-Lib|x86.Build.0 = Debug-Lib|Win32
		{D1C528B6-AA02-4D29-9D61-DC08E317A70D}.DLL Debug - DLL OpenSSL - DLL LibSSH2|Itanium.ActiveCfg = Release-Dll|Win32
		{D1C528B6-AA02-4D29-9D61-DC08E317A70D}.DLL Debug - DLL OpenSSL - DLL LibSSH2|Itanium.Build.0 = Release-Dll|Win32
		{D1C528B6-AA02-4D29-9D61-DC08E317A70D}.DLL Debug - DLL OpenSSL - DLL LibSSH2|x64.ActiveCfg = Debug-Dll|x64
		{D1C528B6-AA02-4D29-9D61-DC08E317A70D}.DLL Debug - DLL OpenSSL - DLL LibSSH2|x64.Build.0 = Debug-Dll|x64
		{D1C528B6-AA02-4D29-9D61-DC08E317A70D}.DLL Debug - DLL OpenSSL - DLL LibSSH2|x86.ActiveCfg = Debug-Dll|Win32
		{D1C528B6-AA02-4D29-9D61-DC08E317A70D}.DLL Debug - DLL OpenSSL - DLL LibSSH2|x86.Build.0 = Debug-Dll|Win32
		{D1C528B6-AA02-4D29-9D61-DC08E317A70D}.DLL Debug - DLL OpenSSL|Itanium.ActiveCfg = Release-Dll|Win32
		{D1C528B6-AA02-4D29-9D61-DC08E317A70D}.DLL Debug - DLL OpenSSL|Itanium.Build.0 = Release-Dll|Win32
		{D1C528B6-AA02-4D29-9D61-DC08E317A70D}.DLL Debug - DLL OpenSSL|x64.ActiveCfg = Debug-Dll|x64
		{D1C528B6-AA02-4D29-9D61-DC08E317A70D}.DLL Debug - DLL OpenSSL|x64.Build.0 = Debug-Dll|x64
		{D1C528B6-AA02-4D29-9D61-DC08E317A70D}.DLL Debug - DLL OpenSSL|x86.ActiveCfg = Debug-Dll|Win32
		{D1C528B6-AA02-4D29-9D61-DC08E317A70D}.DLL Debug - DLL OpenSSL|x86.Build.0 = Debug-Dll|Win32
		{D1C528B6-AA02-4D29-9D61-DC08E317A70D}.DLL Debug - DLL Windows SSPI - DLL WinIDN|Itanium.ActiveCfg = Release-Dll|Win32
		{D1C528B6-AA02-4D29-9D61-DC08E317A70D}.DLL Debug - DLL Windows SSPI - DLL WinIDN|Itanium.Build.0 = Release-Dll|Win32
		{D1C528B6-AA02-4D29-9D61-DC08E317A70D}.DLL Debug - DLL Windows SSPI - DLL WinIDN|x64.ActiveCfg = Debug-Dll|x64
		{D1C528B6-AA02-4D29-9D61-DC08E317A70D}.DLL Debug - DLL Windows SSPI - DLL WinIDN|x64.Build.0 = Debug-Dll|x64
		{D1C528B6-AA02-4D29-9D61-DC08E317A70D}.DLL Debug - DLL Windows SSPI - DLL WinIDN|x86.ActiveCfg = Debug-Dll|Win32
		{D1C528B6-AA02-4D29-9D61-DC08E317A70D}.DLL Debug - DLL Windows SSPI - DLL WinIDN|x86.Build.0 = Debug-Dll|Win32
		{D1C528B6-AA02-4D29-9D61-DC08E317A70D}.DLL Debug - DLL Windows SSPI|Itanium.ActiveCfg = Release-Dll|Win32
		{D1C528B6-AA02-4D29-9D61-DC08E317A70D}.DLL Debug - DLL Windows SSPI|Itanium.Build.0 = Release-Dll|Win32
		{D1C528B6-AA02-4D29-9D61-DC08E317A70D}.DLL Debug - DLL Windows SSPI|x64.ActiveCfg = Debug-Dll|x64
		{D1C528B6-AA02-4D29-9D61-DC08E317A70D}.DLL Debug - DLL Windows SSPI|x64.Build.0 = Debug-Dll|x64
		{D1C528B6-AA02-4D29-9D61-DC08E317A70D}.DLL Debug - DLL Windows SSPI|x86.ActiveCfg = Debug-Dll|Win32
		{D1C528B6-AA02-4D29-9D61-DC08E317A70D}.DLL Debug - DLL Windows SSPI|x86.Build.0 = Debug-Dll|Win32
		{D1C528B6-AA02-4D29-9D61-DC08E317A70D}.DLL Debug - DLL wolfSSL|Itanium.ActiveCfg = Release-Dll|Win32
		{D1C528B6-AA02-4D29-9D61-DC08E317A70D}.DLL Debug - DLL wolfSSL|Itanium.Build.0 = Release-Dll|Win32
		{D1C528B6-AA02-4D29-9D61-DC08E317A70D}.DLL Debug - DLL wolfSSL|x64.ActiveCfg = Debug-Dll|x64
		{D1C528B6-AA02-4D29-9D61-DC08E317A70D}.DLL Debug - DLL wolfSSL|x64.Build.0 = Debug-Dll|x64
		{D1C528B6-AA02-4D29-9D61-DC08E317A70D}.DLL Debug - DLL wolfSSL|x86.ActiveCfg = Debug-Dll|Win32
		{D1C528B6-AA02-4D29-9D61-DC08E317A70D}.DLL Debug - DLL wolfSSL|x86.Build.0 = Debug-Dll|Win32
		{D1C528B6-AA02-4D29-9D61-DC08E317A70D}.DLL Debug|Itanium.ActiveCfg = Release-Dll|Win32
		{D1C528B6-AA02-4D29-9D61-DC08E317A70D}.DLL Debug|Itanium.Build.0 = Release-Dll|Win32
		{D1C528B6-AA02-4D29-9D61-DC08E317A70D}.DLL Debug|x64.ActiveCfg = Debug-Dll|x64
		{D1C528B6-AA02-4D29-9D61-DC08E317A70D}.DLL Debug|x64.Build.0 = Debug-Dll|x64
		{D1C528B6-AA02-4D29-9D61-DC08E317A70D}.DLL Debug|x86.ActiveCfg = Debug-Dll|Win32
		{D1C528B6-AA02-4D29-9D61-DC08E317A70D}.DLL Debug|x86.Build.0 = Debug-Dll|Win32
		{D1C528B6-AA02-4D29-9D61-DC08E317A70D}.DLL Release - DLL OpenSSL - DLL LibSSH2|Itanium.ActiveCfg = Release-Dll|Win32
		{D1C528B6-AA02-4D29-9D61-DC08E317A70D}.DLL Release - DLL OpenSSL - DLL LibSSH2|Itanium.Build.0 = Release-Dll|Win32
		{D1C528B6-AA02-4D29-9D61-DC08E317A70D}.DLL Release - DLL OpenSSL - DLL LibSSH2|x64.ActiveCfg = Debug-Dll|x64
		{D1C528B6-AA02-4D29-9D61-DC08E317A70D}.DLL Release - DLL OpenSSL - DLL LibSSH2|x64.Build.0 = Debug-Dll|x64
		{D1C528B6-AA02-4D29-9D61-DC08E317A70D}.DLL Release - DLL OpenSSL - DLL LibSSH2|x86.ActiveCfg = Debug-Dll|Win32
		{D1C528B6-AA02-4D29-9D61-DC08E317A70D}.DLL Release - DLL OpenSSL - DLL LibSSH2|x86.Build.0 = Debug-Dll|Win32
		{D1C528B6-AA02-4D29-9D61-DC08E317A70D}.DLL Release - DLL OpenSSL|Itanium.ActiveCfg = Release-Dll|Win32
		{D1C528B6-AA02-4D29-9D61-DC08E317A70D}.DLL Release - DLL OpenSSL|Itanium.Build.0 = Release-Dll|Win32
		{D1C528B6-AA02-4D29-9D61-DC08E317A70D}.DLL Release - DLL OpenSSL|x64.ActiveCfg = Debug-Dll|x64
		{D1C528B6-AA02-4D29-9D61-DC08E317A70D}.DLL Release - DLL OpenSSL|x64.Build.0 = Debug-Dll|x64
		{D1C528B6-AA02-4D29-9D61-DC08E317A70D}.DLL Release - DLL OpenSSL|x86.ActiveCfg = Debug-Dll|Win32
		{D1C528B6-AA02-4D29-9D61-DC08E317A70D}.DLL Release - DLL OpenSSL|x86.Build.0 = Debug-Dll|Win32
		{D1C528B6-AA02-4D29-9D61-DC08E317A70D}.DLL Release - DLL Windows SSPI - DLL WinIDN|Itanium.ActiveCfg = Release-Dll|Win32
		{D1C528B6-AA02-4D29-9D61-DC08E317A70D}.DLL Release - DLL Windows SSPI - DLL WinIDN|Itanium.Build.0 = Release-Dll|Win32
		{D1C528B6-AA02-4D29-9D61-DC08E317A70D}.DLL Release - DLL Windows SSPI - DLL WinIDN|x64.ActiveCfg = Debug-Dll|x64
		{D1C528B6-AA02-4D29-9D61-DC08E317A70D}.DLL Release - DLL Windows SSPI - DLL WinIDN|x64.Build.0 = Debug-Dll|x64
		{D1C528B6-AA02-4D29-9D61-DC08E317A70D}.DLL Release - DLL Windows SSPI - DLL WinIDN|x86.ActiveCfg = Debug-Dll|Win32
		{D1C528B6-AA02-4D29-9D61-DC08E317A70D}.DLL Release - DLL Windows SSPI - DLL WinIDN|x86.Build.0 = Debug-Dll|Win32
		{D1C528B6-AA02-4D29-9D61-DC08E317A70D}.DLL Release - DLL Windows SSPI|Itanium.ActiveCfg = Release-Dll|Win32
		{D1C528B6-AA02-4D29-9D61-DC08E317A70D}.DLL Release - DLL Windows SSPI|Itanium.Build.0 = Release-Dll|Win32
		{D1C528B6-AA02-4D29-9D61-DC08E317A70D}.DLL Release - DLL Windows SSPI|x64.ActiveCfg = Debug-Dll|x64
		{D1C528B6-AA02-4D29-9D61-DC08E317A70D}.DLL Release - DLL Windows SSPI|x64.Build.0 = Debug-Dll|x64
		{D1C528B6-AA02-4D29-9D61-DC08E317A70D}.DLL Release - DLL Windows SSPI|x86.ActiveCfg = Debug-Dll|Win32
		{D1C528B6-AA02-4D29-9D61-DC08E317A70D}.DLL Release - DLL Windows SSPI|x86.Build.0 = Debug-Dll|Win32
		{D1C528B6-AA02-4D29-9D61-DC08E317A70D}.DLL Release - DLL wolfSSL|Itanium.ActiveCfg = Release-Dll|Win32
		{D1C528B6-AA02-4D29-9D61-DC08E317A70D}.DLL Release - DLL wolfSSL|Itanium.Build.0 = Release-Dll|Win32
		{D1C528B6-AA02-4D29-9D61-DC08E317A70D}.DLL Release - DLL wolfSSL|x64.ActiveCfg = Debug-Dll|x64
		{D1C528B6-AA02-4D29-9D61-DC08E317A70D}.DLL Release - DLL wolfSSL|x64.Build.0 = Debug-Dll|x64
		{D1C528B6-AA02-4D29-9D61-DC08E317A70D}.DLL Release - DLL wolfSSL|x86.ActiveCfg = Debug-Dll|Win32
		{D1C528B6-AA02-4D29-9D61-DC08E317A70D}.DLL Release - DLL wolfSSL|x86.Build.0 = Debug-Dll|Win32
		{D1C528B6-AA02-4D29-9D61-DC08E317A70D}.DLL Release|Itanium.ActiveCfg = Release-Dll|Win32
		{D1C528B6-AA02-4D29-9D61-DC08E317A70D}.DLL Release|Itanium.Build.0 = Release-Dll|Win32
		{D1C528B6-AA02-4D29-9D61-DC08E317A70D}.DLL Release|x64.ActiveCfg = Debug-Dll|x64
		{D1C528B6-AA02-4D29-9D61-DC08E317A70D}.DLL Release|x64.Build.0 = Debug-Dll|x64
		{D1C528B6-AA02-4D29-9D61-DC08E317A70D}.DLL Release|x86.ActiveCfg = Debug-Dll|Win32
		{D1C528B6-AA02-4D29-9D61-DC08E317A70D}.DLL Release|x86.Build.0 = Debug-Dll|Win32
		{D1C528B6-AA02-4D29-9D61-DC08E317A70D}.LIB Debug - DLL OpenSSL - DLL LibSSH2|Itanium.ActiveCfg = Release-Dll|Win32
		{D1C528B6-AA02-4D29-9D61-DC08E317A70D}.LIB Debug - DLL OpenSSL - DLL LibSSH2|Itanium.Build.0 = Release-Dll|Win32
		{D1C528B6-AA02-4D29-9D61-DC08E317A70D}.LIB Debug - DLL OpenSSL - DLL LibSSH2|x64.ActiveCfg = Debug-Dll|x64
		{D1C528B6-AA02-4D29-9D61-DC08E317A70D}.LIB Debug - DLL OpenSSL - DLL LibSSH2|x64.Build.0 = Debug-Dll|x64
		{D1C528B6-AA02-4D29-9D61-DC08E317A70D}.LIB Debug - DLL OpenSSL - DLL LibSSH2|x86.ActiveCfg = Debug-Dll|Win32
		{D1C528B6-AA02-4D29-9D61-DC08E317A70D}.LIB Debug - DLL OpenSSL - DLL LibSSH2|x86.Build.0 = Debug-Dll|Win32
		{D1C528B6-AA02-4D29-9D61-DC08E317A70D}.LIB Debug - DLL OpenSSL|Itanium.ActiveCfg = Release-Dll|Win32
		{D1C528B6-AA02-4D29-9D61-DC08E317A70D}.LIB Debug - DLL OpenSSL|Itanium.Build.0 = Release-Dll|Win32
		{D1C528B6-AA02-4D29-9D61-DC08E317A70D}.LIB Debug - DLL OpenSSL|x64.ActiveCfg = Debug-Dll|x64
		{D1C528B6-AA02-4D29-9D61-DC08E317A70D}.LIB Debug - DLL OpenSSL|x64.Build.0 = Debug-Dll|x64
		{D1C528B6-AA02-4D29-9D61-DC08E317A70D}.LIB Debug - DLL OpenSSL|x86.ActiveCfg = Debug-Dll|Win32
		{D1C528B6-AA02-4D29-9D61-DC08E317A70D}.LIB Debug - DLL OpenSSL|x86.Build.0 = Debug-Dll|Win32
		{D1C528B6-AA02-4D29-9D61-DC08E317A70D}.LIB Debug - DLL Windows SSPI - DLL WinIDN|Itanium.ActiveCfg = Release-Dll|Win32
		{D1C528B6-AA02-4D29-9D61-DC08E317A70D}.LIB Debug - DLL Windows SSPI - DLL WinIDN|Itanium.Build.0 = Release-Dll|Win32
		{D1C528B6-AA02-4D29-9D61-DC08E317A70D}.LIB Debug - DLL Windows SSPI - DLL WinIDN|x64.ActiveCfg = Debug-Dll|x64
		{D1C528B6-AA02-4D29-9D61-DC08E317A70D}.LIB Debug - DLL Windows SSPI - DLL WinIDN|x64.Build.0 = Debug-Dll|x64
		{D1C528B6-AA02-4D29-9D61-DC08E317A70D}.LIB Debug - DLL Windows SSPI - DLL WinIDN|x86.ActiveCfg = Debug-Dll|Win32
		{D1C528B6-AA02-4D29-9D61-DC08E317A70D}.LIB Debug - DLL Windows SSPI - DLL WinIDN|x86.Build.0 = Debug-Dll|Win32
		{D1C528B6-AA02-4D29-9D61-DC08E317A70D}.LIB Debug - DLL Windows SSPI|Itanium.ActiveCfg = Release-Dll|Win32
		{D1C528B6-AA02-4D29-9D61-DC08E317A70D}.LIB Debug - DLL Windows SSPI|Itanium.Build.0 = Release-Dll|Win32
		{D1C528B6-AA02-4D29-9D61-DC08E317A70D}.LIB Debug - DLL Windows SSPI|x64.ActiveCfg = Debug-Dll|x64
		{D1C528B6-AA02-4D29-9D61-DC08E317A70D}.LIB Debug - DLL Windows SSPI|x64.Build.0 = Debug-Dll|x64
		{D1C528B6-AA02-4D29-9D61-DC08E317A70D}.LIB Debug - DLL Windows SSPI|x86.ActiveCfg = Debug-Dll|Win32
		{D1C528B6-AA02-4D29-9D61-DC08E317A70D}.LIB Debug - DLL Windows SSPI|x86.Build.0 = Debug-Dll|Win32
		{D1C528B6-AA02-4D29-9D61-DC08E317A70D}.LIB Debug - LIB OpenSSL - LIB LibSSH2|Itanium.ActiveCfg = Release-Dll|Win32
		{D1C528B6-AA02-4D29-9D61-DC08E317A70D}.LIB Debug - LIB OpenSSL - LIB LibSSH2|Itanium.Build.0 = Release-Dll|Win32
		{D1C528B6-AA02-4D29-9D61-DC08E317A70D}.LIB Debug - LIB OpenSSL - LIB LibSSH2|x64.ActiveCfg = Debug-Dll|x64
		{D1C528B6-AA02-4D29-9D61-DC08E317A70D}.LIB Debug - LIB OpenSSL - LIB LibSSH2|x64.Build.0 = Debug-Dll|x64
		{D1C528B6-AA02-4D29-9D61-DC08E317A70D}.LIB Debug - LIB OpenSSL - LIB LibSSH2|x86.ActiveCfg = Debug-Dll|Win32
		{D1C528B6-AA02-4D29-9D61-DC08E317A70D}.LIB Debug - LIB OpenSSL - LIB LibSSH2|x86.Build.0 = Debug-Dll|Win32
		{D1C528B6-AA02-4D29-9D61-DC08E317A70D}.LIB Debug - LIB OpenSSL|Itanium.ActiveCfg = Release-Dll|Win32
		{D1C528B6-AA02-4D29-9D61-DC08E317A70D}.LIB Debug - LIB OpenSSL|Itanium.Build.0 = Release-Dll|Win32
		{D1C528B6-AA02-4D29-9D61-DC08E317A70D}.LIB Debug - LIB OpenSSL|x64.ActiveCfg = Debug-Dll|x64
		{D1C528B6-AA02-4D29-9D61-DC08E317A70D}.LIB Debug - LIB OpenSSL|x64.Build.0 = Debug-Dll|x64
		{D1C528B6-AA02-4D29-9D61-DC08E317A70D}.LIB Debug - LIB OpenSSL|x86.ActiveCfg = Debug-Dll|Win32
		{D1C528B6-AA02-4D29-9D61-DC08E317A70D}.LIB Debug - LIB OpenSSL|x86.Build.0 = Debug-Dll|Win32
		{D1C528B6-AA02-4D29-9D61-DC08E317A70D}.LIB Debug - LIB wolfSSL|Itanium.ActiveCfg = Release-Dll|Win32
		{D1C528B6-AA02-4D29-9D61-DC08E317A70D}.LIB Debug - LIB wolfSSL|Itanium.Build.0 = Release-Dll|Win32
		{D1C528B6-AA02-4D29-9D61-DC08E317A70D}.LIB Debug - LIB wolfSSL|x64.ActiveCfg = Debug-Dll|x64
		{D1C528B6-AA02-4D29-9D61-DC08E317A70D}.LIB Debug - LIB wolfSSL|x64.Build.0 = Debug-Dll|x64
		{D1C528B6-AA02-4D29-9D61-DC08E317A70D}.LIB Debug - LIB wolfSSL|x86.ActiveCfg = Debug-Dll|Win32
		{D1C528B6-AA02-4D29-9D61-DC08E317A70D}.LIB Debug - LIB wolfSSL|x86.Build.0 = Debug-Dll|Win32
		{D1C528B6-AA02-4D29-9D61-DC08E317A70D}.LIB Debug|Itanium.ActiveCfg = Release-Dll|Win32
		{D1C528B6-AA02-4D29-9D61-DC08E317A70D}.LIB Debug|Itanium.Build.0 = Release-Dll|Win32
		{D1C528B6-AA02-4D29-9D61-DC08E317A70D}.LIB Debug|x64.ActiveCfg = Debug-Dll|x64
		{D1C528B6-AA02-4D29-9D61-DC08E317A70D}.LIB Debug|x64.Build.0 = Debug-Dll|x64
		{D1C528B6-AA02-4D29-9D61-DC08E317A70D}.LIB Debug|x86.ActiveCfg = Debug-Dll|Win32
		{D1C528B6-AA02-4D29-9D61-DC08E317A70D}.LIB Debug|x86.Build.0 = Debug-Dll|Win32
		{D1C528B6-AA02-4D29-9D61-DC08E317A70D}.LIB Release - DLL OpenSSL - DLL LibSSH2|Itanium.ActiveCfg = Release-Dll|Win32
		{D1C528B6-AA02-4D29-9D61-DC08E317A70D}.LIB Release - DLL OpenSSL - DLL LibSSH2|Itanium.Build.0 = Release-Dll|Win32
		{D1C528B6-AA02-4D29-9D61-DC08E317A70D}.LIB Release - DLL OpenSSL - DLL LibSSH2|x64.ActiveCfg = Debug-Dll|x64
		{D1C528B6-AA02-4D29-9D61-DC08E317A70D}.LIB Release - DLL OpenSSL - DLL LibSSH2|x64.Build.0 = Debug-Dll|x64
		{D1C528B6-AA02-4D29-9D61-DC08E317A70D}.LIB Release - DLL OpenSSL - DLL LibSSH2|x86.ActiveCfg = Debug-Dll|Win32
		{D1C528B6-AA02-4D29-9D61-DC08E317A70D}.LIB Release - DLL OpenSSL - DLL LibSSH2|x86.Build.0 = Debug-Dll|Win32
		{D1C528B6-AA02-4D29-9D61-DC08E317A70D}.LIB Release - DLL OpenSSL|Itanium.ActiveCfg = Release-Dll|Win32
		{D1C528B6-AA02-4D29-9D61-DC08E317A70D}.LIB Release - DLL OpenSSL|Itanium.Build.0 = Release-Dll|Win32
		{D1C528B6-AA02-4D29-9D61-DC08E317A70D}.LIB Release - DLL OpenSSL|x64.ActiveCfg = Debug-Dll|x64
		{D1C528B6-AA02-4D29-9D61-DC08E317A70D}.LIB Release - DLL OpenSSL|x64.Build.0 = Debug-Dll|x64
		{D1C528B6-AA02-4D29-9D61-DC08E317A70D}.LIB Release - DLL OpenSSL|x86.ActiveCfg = Debug-Dll|Win32
		{D1C528B6-AA02-4D29-9D61-DC08E317A70D}.LIB Release - DLL OpenSSL|x86.Build.0 = Debug-Dll|Win32
		{D1C528B6-AA02-4D29-9D61-DC08E317A70D}.LIB Release - DLL Windows SSPI - DLL WinIDN|Itanium.ActiveCfg = Release-Dll|Win32
		{D1C528B6-AA02-4D29-9D61-DC08E317A70D}.LIB Release - DLL Windows SSPI - DLL WinIDN|Itanium.Build.0 = Release-Dll|Win32
		{D1C528B6-AA02-4D29-9D61-DC08E317A70D}.LIB Release - DLL Windows SSPI - DLL WinIDN|x64.ActiveCfg = Debug-Dll|x64
		{D1C528B6-AA02-4D29-9D61-DC08E317A70D}.LIB Release - DLL Windows SSPI - DLL WinIDN|x64.Build.0 = Debug-Dll|x64
		{D1C528B6-AA02-4D29-9D61-DC08E317A70D}.LIB Release - DLL Windows SSPI - DLL WinIDN|x86.ActiveCfg = Debug-Dll|Win32
		{D1C528B6-AA02-4D29-9D61-DC08E317A70D}.LIB Release - DLL Windows SSPI - DLL WinIDN|x86.Build.0 = Debug-Dll|Win32
		{D1C528B6-AA02-4D29-9D61-DC08E317A70D}.LIB Release - DLL Windows SSPI|Itanium.ActiveCfg = Release-Dll|Win32
		{D1C528B6-AA02-4D29-9D61-DC08E317A70D}.LIB Release - DLL Windows SSPI|Itanium.Build.0 = Release-Dll|Win32
		{D1C528B6-AA02-4D29-9D61-DC08E317A70D}.LIB Release - DLL Windows SSPI|x64.ActiveCfg = Debug-Dll|x64
		{D1C528B6-AA02-4D29-9D61-DC08E317A70D}.LIB Release - DLL Windows SSPI|x64.Build.0 = Debug-Dll|x64
		{D1C528B6-AA02-4D29-9D61-DC08E317A70D}.LIB Release - DLL Windows SSPI|x86.ActiveCfg = Debug-Dll|Win32
		{D1C528B6-AA02-4D29-9D61-DC08E317A70D}.LIB Release - DLL Windows SSPI|x86.Build.0 = Debug-Dll|Win32
		{D1C528B6-AA02-4D29-9D61-DC08E317A70D}.LIB Release - LIB OpenSSL - LIB LibSSH2|Itanium.ActiveCfg = Release-Dll|Win32
		{D1C528B6-AA02-4D29-9D61-DC08E317A70D}.LIB Release - LIB OpenSSL - LIB LibSSH2|Itanium.Build.0 = Release-Dll|Win32
		{D1C528B6-AA02-4D29-9D61-DC08E317A70D}.LIB Release - LIB OpenSSL - LIB LibSSH2|x64.ActiveCfg = Debug-Dll|x64
		{D1C528B6-AA02-4D29-9D61-DC08E317A70D}.LIB Release - LIB OpenSSL - LIB LibSSH2|x64.Build.0 = Debug-Dll|x64
		{D1C528B6-AA02-4D29-9D61-DC08E317A70D}.LIB Release - LIB OpenSSL - LIB LibSSH2|x86.ActiveCfg = Debug-Dll|Win32
		{D1C528B6-AA02-4D29-9D61-DC08E317A70D}.LIB Release - LIB OpenSSL - LIB LibSSH2|x86.Build.0 = Debug-Dll|Win32
		{D1C528B6-AA02-4D29-9D61-DC08E317A70D}.LIB Release - LIB OpenSSL|Itanium.ActiveCfg = Release-Dll|Win32
		{D1C528B6-AA02-4D29-9D61-DC08E317A70D}.LIB Release - LIB OpenSSL|Itanium.Build.0 = Release-Dll|Win32
		{D1C528B6-AA02-4D29-9D61-DC08E317A70D}.LIB Release - LIB OpenSSL|x64.ActiveCfg = Debug-Dll|x64
		{D1C528B6-AA02-4D29-9D61-DC08E317A70D}.LIB Release - LIB OpenSSL|x64.Build.0 = Debug-Dll|x64
		{D1C528B6-AA02-4D29-9D61-DC08E317A70D}.LIB Release - LIB OpenSSL|x86.ActiveCfg = Debug-Dll|Win32
		{D1C528B6-AA02-4D29-9D61-DC08E317A70D}.LIB Release - LIB OpenSSL|x86.Build.0 = Debug-Dll|Win32
		{D1C528B6-AA02-4D29-9D61-DC08E317A70D}.LIB Release - LIB wolfSSL|Itanium.ActiveCfg = Release-Dll|Win32
		{D1C528B6-AA02-4D29-9D61-DC08E317A70D}.LIB Release - LIB wolfSSL|Itanium.Build.0 = Release-Dll|Win32
		{D1C528B6-AA02-4D29-9D61-DC08E317A70D}.LIB Release - LIB wolfSSL|x64.ActiveCfg = Debug-Dll|x64
		{D1C528B6-AA02-4D29-9D61-DC08E317A70D}.LIB Release - LIB wolfSSL|x64.Build.0 = Debug-Dll|x64
		{D1C528B6-AA02-4D29-9D61-DC08E317A70D}.LIB Release - LIB wolfSSL|x86.ActiveCfg = Debug-Dll|Win32
		{D1C528B6-AA02-4D29-9D61-DC08E317A70D}.LIB Release - LIB wolfSSL|x86.Build.0 = Debug-Dll|Win32
		{D1C528B6-AA02-4D29-9D61-DC08E317A70D}.LIB Release|Itanium.ActiveCfg = Release-Dll|Win32
		{D1C528B6-AA02-4D29-9D61-DC08E317A70D}.LIB Release|Itanium.Build.0 = Release-Dll|Win32
		{D1C528B6-AA02-4D29-9D61-DC08E317A70D}.LIB Release|x64.ActiveCfg = Debug-Dll|x64
		{D1C528B6-AA02-4D29-9D61-DC08E317A70D}.LIB Release|x64.Build.0 = Debug-Dll|x64
		{D1C528B6-AA02-4D29-9D61-DC08E317A70D}.LIB Release|x86.ActiveCfg = Debug-Dll|Win32
		{D1C528B6-AA02-4D29-9D61-DC08E317A70D}.LIB Release|x86.Build.0 = Debug-Dll|Win32
		{D1C528B6-AA02-4D29-9D61-DC08E317A70D}.MinSizeRel|Itanium.ActiveCfg = Release-Dll|Win32
		{D1C528B6-AA02-4D29-9D61-DC08E317A70D}.MinSizeRel|Itanium.Build.0 = Release-Dll|Win32
		{D1C528B6-AA02-4D29-9D61-DC08E317A70D}.MinSizeRel|x64.ActiveCfg = Release-Dll|x64
		{D1C528B6-AA02-4D29-9D61-DC08E317A70D}.MinSizeRel|x64.Build.0 = Release-Dll|x64
		{D1C528B6-AA02-4D29-9D61-DC08E317A70D}.MinSizeRel|x86.ActiveCfg = Release-Dll|Win32
		{D1C528B6-AA02-4D29-9D61-DC08E317A70D}.MinSizeRel|x86.Build.0 = Release-Dll|Win32
		{D1C528B6-AA02-4D29-9D61-DC08E317A70D}.Release|Itanium.ActiveCfg = Release-Dll|Win32
		{D1C528B6-AA02-4D29-9D61-DC08E317A70D}.Release|Itanium.Build.0 = Release-Dll|Win32
		{D1C528B6-AA02-4D29-9D61-DC08E317A70D}.Release|x64.ActiveCfg = Release-Lib|x64
		{D1C528B6-AA02-4D29-9D61-DC08E317A70D}.Release|x64.Build.0 = Release-Lib|x64
		{D1C528B6-AA02-4D29-9D61-DC08E317A70D}.Release|x86.ActiveCfg = Release-Lib|Win32
		{D1C528B6-AA02-4D29-9D61-DC08E317A70D}.Release|x86.Build.0 = Release-Lib|Win32
		{D1C528B6-AA02-4D29-9D61-DC08E317A70D}.Release-Dll|Itanium.ActiveCfg = Release-Dll|Win32
		{D1C528B6-AA02-4D29-9D61-DC08E317A70D}.Release-Dll|x64.ActiveCfg = Release-Dll|x64
		{D1C528B6-AA02-4D29-9D61-DC08E317A70D}.Release-Dll|x64.Build.0 = Release-Dll|x64
		{D1C528B6-AA02-4D29-9D61-DC08E317A70D}.Release-Dll|x86.ActiveCfg = Release-Dll|Win32
		{D1C528B6-AA02-4D29-9D61-DC08E317A70D}.Release-Dll|x86.Build.0 = Release-Dll|Win32
		{D1C528B6-AA02-4D29-9D61-DC08E317A70D}.Release-Lib|Itanium.ActiveCfg = Release-Lib|Win32
		{D1C528B6-AA02-4D29-9D61-DC08E317A70D}.Release-Lib|x64.ActiveCfg = Release-Lib|x64
		{D1C528B6-AA02-4D29-9D61-DC08E317A70D}.Release-Lib|x64.Build.0 = Release-Lib|x64
		{D1C528B6-AA02-4D29-9D61-DC08E317A70D}.Release-Lib|x86.ActiveCfg = Release-Lib|Win32
		{D1C528B6-AA02-4D29-9D61-DC08E317A70D}.Release-Lib|x86.Build.0 = Release-Lib|Win32
		{D1C528B6-AA02-4D29-9D61-DC08E317A70D}.ReleaseWithoutAsm|Itanium.ActiveCfg = Release-Dll|Win32
		{D1C528B6-AA02-4D29-9D61-DC08E317A70D}.ReleaseWithoutAsm|Itanium.Build.0 = Release-Dll|Win32
		{D1C528B6-AA02-4D29-9D61-DC08E317A70D}.ReleaseWithoutAsm|x64.ActiveCfg = Release-Dll|x64
		{D1C528B6-AA02-4D29-9D61-DC08E317A70D}.ReleaseWithoutAsm|x64.Build.0 = Release-Dll|x64
		{D1C528B6-AA02-4D29-9D61-DC08E317A70D}.ReleaseWithoutAsm|x86.ActiveCfg = Release-Dll|Win32
		{D1C528B6-AA02-4D29-9D61-DC08E317A70D}.ReleaseWithoutAsm|x86.Build.0 = Release-Dll|Win32
		{D1C528B6-AA02-4D29-9D61-DC08E317A70D}.RelWithDebInfo|Itanium.ActiveCfg = Release-Dll|Win32
		{D1C528B6-AA02-4D29-9D61-DC08E317A70D}.RelWithDebInfo|Itanium.Build.0 = Release-Dll|Win32
		{D1C528B6-AA02-4D29-9D61-DC08E317A70D}.RelWithDebInfo|x64.ActiveCfg = Release-Dll|x64
		{D1C528B6-AA02-4D29-9D61-DC08E317A70D}.RelWithDebInfo|x64.Build.0 = Release-Dll|x64
		{D1C528B6-AA02-4D29-9D61-DC08E317A70D}.RelWithDebInfo|x86.ActiveCfg = Release-Dll|Win32
		{D1C528B6-AA02-4D29-9D61-DC08E317A70D}.RelWithDebInfo|x86.Build.0 = Release-Dll|Win32
		{DA6F56B4-06A4-441D-AD70-AC5A7D51FADB}.Debug|Itanium.ActiveCfg = LIB Release|Win32
		{DA6F56B4-06A4-441D-AD70-AC5A7D51FADB}.Debug|Itanium.Build.0 = LIB Release|Win32
		{DA6F56B4-06A4-441D-AD70-AC5A7D51FADB}.Debug|x64.ActiveCfg = LIB Debug|x64
		{DA6F56B4-06A4-441D-AD70-AC5A7D51FADB}.Debug|x64.Build.0 = LIB Debug|x64
		{DA6F56B4-06A4-441D-AD70-AC5A7D51FADB}.Debug|x86.ActiveCfg = LIB Debug|Win32
		{DA6F56B4-06A4-441D-AD70-AC5A7D51FADB}.Debug|x86.Build.0 = LIB Debug|Win32
		{DA6F56B4-06A4-441D-AD70-AC5A7D51FADB}.Debug-Dll|Itanium.ActiveCfg = LIB Release|Win32
		{DA6F56B4-06A4-441D-AD70-AC5A7D51FADB}.Debug-Dll|Itanium.Build.0 = LIB Release|Win32
		{DA6F56B4-06A4-441D-AD70-AC5A7D51FADB}.Debug-Dll|x64.ActiveCfg = DLL Debug - DLL wolfSSL|x64
		{DA6F56B4-06A4-441D-AD70-AC5A7D51FADB}.Debug-Dll|x64.Build.0 = DLL Debug - DLL wolfSSL|x64
		{DA6F56B4-06A4-441D-AD70-AC5A7D51FADB}.Debug-Dll|x86.ActiveCfg = DLL Release - DLL OpenSSL|Win32
		{DA6F56B4-06A4-441D-AD70-AC5A7D51FADB}.Debug-Dll|x86.Build.0 = DLL Release - DLL OpenSSL|Win32
		{DA6F56B4-06A4-441D-AD70-AC5A7D51FADB}.Debug-Lib|Itanium.ActiveCfg = LIB Release|Win32
		{DA6F56B4-06A4-441D-AD70-AC5A7D51FADB}.Debug-Lib|Itanium.Build.0 = LIB Release|Win32
		{DA6F56B4-06A4-441D-AD70-AC5A7D51FADB}.Debug-Lib|x64.ActiveCfg = DLL Debug - DLL wolfSSL|x64
		{DA6F56B4-06A4-441D-AD70-AC5A7D51FADB}.Debug-Lib|x64.Build.0 = DLL Debug - DLL wolfSSL|x64
		{DA6F56B4-06A4-441D-AD70-AC5A7D51FADB}.Debug-Lib|x86.ActiveCfg = DLL Release - DLL OpenSSL|Win32
		{DA6F56B4-06A4-441D-AD70-AC5A7D51FADB}.Debug-Lib|x86.Build.0 = DLL Release - DLL OpenSSL|Win32
		{DA6F56B4-06A4-441D-AD70-AC5A7D51FADB}.DLL Debug - DLL OpenSSL - DLL LibSSH2|Itanium.ActiveCfg = DLL Debug - DLL OpenSSL - DLL LibSSH2|Win32
		{DA6F56B4-06A4-441D-AD70-AC5A7D51FADB}.DLL Debug - DLL OpenSSL - DLL LibSSH2|x64.ActiveCfg = DLL Debug - DLL OpenSSL - DLL LibSSH2|x64
		{DA6F56B4-06A4-441D-AD70-AC5A7D51FADB}.DLL Debug - DLL OpenSSL - DLL LibSSH2|x64.Build.0 = DLL Debug - DLL OpenSSL - DLL LibSSH2|x64
		{DA6F56B4-06A4-441D-AD70-AC5A7D51FADB}.DLL Debug - DLL OpenSSL - DLL LibSSH2|x86.ActiveCfg = DLL Debug - DLL OpenSSL - DLL LibSSH2|Win32
		{DA6F56B4-06A4-441D-AD70-AC5A7D51FADB}.DLL Debug - DLL OpenSSL - DLL LibSSH2|x86.Build.0 = DLL Debug - DLL OpenSSL - DLL LibSSH2|Win32
		{DA6F56B4-06A4-441D-AD70-AC5A7D51FADB}.DLL Debug - DLL OpenSSL|Itanium.ActiveCfg = DLL Debug - DLL OpenSSL|Win32
		{DA6F56B4-06A4-441D-AD70-AC5A7D51FADB}.DLL Debug - DLL OpenSSL|x64.ActiveCfg = DLL Debug - DLL OpenSSL|x64
		{DA6F56B4-06A4-441D-AD70-AC5A7D51FADB}.DLL Debug - DLL OpenSSL|x64.Build.0 = DLL Debug - DLL OpenSSL|x64
		{DA6F56B4-06A4-441D-AD70-AC5A7D51FADB}.DLL Debug - DLL OpenSSL|x86.ActiveCfg = DLL Debug - DLL OpenSSL|Win32
		{DA6F56B4-06A4-441D-AD70-AC5A7D51FADB}.DLL Debug - DLL OpenSSL|x86.Build.0 = DLL Debug - DLL OpenSSL|Win32
		{DA6F56B4-06A4-441D-AD70-AC5A7D51FADB}.DLL Debug - DLL Windows SSPI - DLL WinIDN|Itanium.ActiveCfg = DLL Debug - DLL Windows SSPI - DLL WinIDN|Win32
		{DA6F56B4-06A4-441D-AD70-AC5A7D51FADB}.DLL Debug - DLL Windows SSPI - DLL WinIDN|x64.ActiveCfg = DLL Debug - DLL Windows SSPI - DLL WinIDN|x64
		{DA6F56B4-06A4-441D-AD70-AC5A7D51FADB}.DLL Debug - DLL Windows SSPI - DLL WinIDN|x64.Build.0 = DLL Debug - DLL Windows SSPI - DLL WinIDN|x64
		{DA6F56B4-06A4-441D-AD70-AC5A7D51FADB}.DLL Debug - DLL Windows SSPI - DLL WinIDN|x86.ActiveCfg = DLL Debug - DLL Windows SSPI - DLL WinIDN|Win32
		{DA6F56B4-06A4-441D-AD70-AC5A7D51FADB}.DLL Debug - DLL Windows SSPI - DLL WinIDN|x86.Build.0 = DLL Debug - DLL Windows SSPI - DLL WinIDN|Win32
		{DA6F56B4-06A4-441D-AD70-AC5A7D51FADB}.DLL Debug - DLL Windows SSPI|Itanium.ActiveCfg = DLL Debug - DLL Windows SSPI|Win32
		{DA6F56B4-06A4-441D-AD70-AC5A7D51FADB}.DLL Debug - DLL Windows SSPI|x64.ActiveCfg = DLL Debug - DLL Windows SSPI|x64
		{DA6F56B4-06A4-441D-AD70-AC5A7D51FADB}.DLL Debug - DLL Windows SSPI|x64.Build.0 = DLL Debug - DLL Windows SSPI|x64
		{DA6F56B4-06A4-441D-AD70-AC5A7D51FADB}.DLL Debug - DLL Windows SSPI|x86.ActiveCfg = DLL Debug - DLL Windows SSPI|Win32
		{DA6F56B4-06A4-441D-AD70-AC5A7D51FADB}.DLL Debug - DLL Windows SSPI|x86.Build.0 = DLL Debug - DLL Windows SSPI|Win32
		{DA6F56B4-06A4-441D-AD70-AC5A7D51FADB}.DLL Debug - DLL wolfSSL|Itanium.ActiveCfg = DLL Debug - DLL wolfSSL|Win32
		{DA6F56B4-06A4-441D-AD70-AC5A7D51FADB}.DLL Debug - DLL wolfSSL|x64.ActiveCfg = DLL Debug - DLL wolfSSL|x64
		{DA6F56B4-06A4-441D-AD70-AC5A7D51FADB}.DLL Debug - DLL wolfSSL|x64.Build.0 = DLL Debug - DLL wolfSSL|x64
		{DA6F56B4-06A4-441D-AD70-AC5A7D51FADB}.DLL Debug - DLL wolfSSL|x86.ActiveCfg = DLL Debug - DLL wolfSSL|Win32
		{DA6F56B4-06A4-441D-AD70-AC5A7D51FADB}.DLL Debug - DLL wolfSSL|x86.Build.0 = DLL Debug - DLL wolfSSL|Win32
		{DA6F56B4-06A4-441D-AD70-AC5A7D51FADB}.DLL Debug|Itanium.ActiveCfg = DLL Debug|Win32
		{DA6F56B4-06A4-441D-AD70-AC5A7D51FADB}.DLL Debug|x64.ActiveCfg = DLL Debug|x64
		{DA6F56B4-06A4-441D-AD70-AC5A7D51FADB}.DLL Debug|x64.Build.0 = DLL Debug|x64
		{DA6F56B4-06A4-441D-AD70-AC5A7D51FADB}.DLL Debug|x86.ActiveCfg = DLL Debug|Win32
		{DA6F56B4-06A4-441D-AD70-AC5A7D51FADB}.DLL Debug|x86.Build.0 = DLL Debug|Win32
		{DA6F56B4-06A4-441D-AD70-AC5A7D51FADB}.DLL Release - DLL OpenSSL - DLL LibSSH2|Itanium.ActiveCfg = DLL Release - DLL OpenSSL - DLL LibSSH2|Win32
		{DA6F56B4-06A4-441D-AD70-AC5A7D51FADB}.DLL Release - DLL OpenSSL - DLL LibSSH2|x64.ActiveCfg = DLL Release - DLL OpenSSL - DLL LibSSH2|x64
		{DA6F56B4-06A4-441D-AD70-AC5A7D51FADB}.DLL Release - DLL OpenSSL - DLL LibSSH2|x64.Build.0 = DLL Release - DLL OpenSSL - DLL LibSSH2|x64
		{DA6F56B4-06A4-441D-AD70-AC5A7D51FADB}.DLL Release - DLL OpenSSL - DLL LibSSH2|x86.ActiveCfg = DLL Release - DLL OpenSSL - DLL LibSSH2|Win32
		{DA6F56B4-06A4-441D-AD70-AC5A7D51FADB}.DLL Release - DLL OpenSSL - DLL LibSSH2|x86.Build.0 = DLL Release - DLL OpenSSL - DLL LibSSH2|Win32
		{DA6F56B4-06A4-441D-AD70-AC5A7D51FADB}.DLL Release - DLL OpenSSL|Itanium.ActiveCfg = DLL Release - DLL OpenSSL|Win32
		{DA6F56B4-06A4-441D-AD70-AC5A7D51FADB}.DLL Release - DLL OpenSSL|x64.ActiveCfg = DLL Release - DLL OpenSSL|x64
		{DA6F56B4-06A4-441D-AD70-AC5A7D51FADB}.DLL Release - DLL OpenSSL|x64.Build.0 = DLL Release - DLL OpenSSL|x64
		{DA6F56B4-06A4-441D-AD70-AC5A7D51FADB}.DLL Release - DLL OpenSSL|x86.ActiveCfg = DLL Release - DLL OpenSSL|Win32
		{DA6F56B4-06A4-441D-AD70-AC5A7D51FADB}.DLL Release - DLL OpenSSL|x86.Build.0 = DLL Release - DLL OpenSSL|Win32
		{DA6F56B4-06A4-441D-AD70-AC5A7D51FADB}.DLL Release - DLL Windows SSPI - DLL WinIDN|Itanium.ActiveCfg = DLL Release - DLL Windows SSPI - DLL WinIDN|Win32
		{DA6F56B4-06A4-441D-AD70-AC5A7D51FADB}.DLL Release - DLL Windows SSPI - DLL WinIDN|x64.ActiveCfg = DLL Release - DLL Windows SSPI - DLL WinIDN|x64
		{DA6F56B4-06A4-441D-AD70-AC5A7D51FADB}.DLL Release - DLL Windows SSPI - DLL WinIDN|x64.Build.0 = DLL Release - DLL Windows SSPI - DLL WinIDN|x64
		{DA6F56B4-06A4-441D-AD70-AC5A7D51FADB}.DLL Release - DLL Windows SSPI - DLL WinIDN|x86.ActiveCfg = DLL Release - DLL Windows SSPI - DLL WinIDN|Win32
		{DA6F56B4-06A4-441D-AD70-AC5A7D51FADB}.DLL Release - DLL Windows SSPI - DLL WinIDN|x86.Build.0 = DLL Release - DLL Windows SSPI - DLL WinIDN|Win32
		{DA6F56B4-06A4-441D-AD70-AC5A7D51FADB}.DLL Release - DLL Windows SSPI|Itanium.ActiveCfg = DLL Release - DLL Windows SSPI|Win32
		{DA6F56B4-06A4-441D-AD70-AC5A7D51FADB}.DLL Release - DLL Windows SSPI|x64.ActiveCfg = DLL Release - DLL Windows SSPI|x64
		{DA6F56B4-06A4-441D-AD70-AC5A7D51FADB}.DLL Release - DLL Windows SSPI|x64.Build.0 = DLL Release - DLL Windows SSPI|x64
		{DA6F56B4-06A4-441D-AD70-AC5A7D51FADB}.DLL Release - DLL Windows SSPI|x86.ActiveCfg = DLL Release - DLL Windows SSPI|Win32
		{DA6F56B4-06A4-441D-AD70-AC5A7D51FADB}.DLL Release - DLL Windows SSPI|x86.Build.0 = DLL Release - DLL Windows SSPI|Win32
		{DA6F56B4-06A4-441D-AD70-AC5A7D51FADB}.DLL Release - DLL wolfSSL|Itanium.ActiveCfg = DLL Release - DLL wolfSSL|Win32
		{DA6F56B4-06A4-441D-AD70-AC5A7D51FADB}.DLL Release - DLL wolfSSL|x64.ActiveCfg = DLL Release - DLL wolfSSL|x64
		{DA6F56B4-06A4-441D-AD70-AC5A7D51FADB}.DLL Release - DLL wolfSSL|x64.Build.0 = DLL Release - DLL wolfSSL|x64
		{DA6F56B4-06A4-441D-AD70-AC5A7D51FADB}.DLL Release - DLL wolfSSL|x86.ActiveCfg = DLL Release - DLL wolfSSL|Win32
		{DA6F56B4-06A4-441D-AD70-AC5A7D51FADB}.DLL Release - DLL wolfSSL|x86.Build.0 = DLL Release - DLL wolfSSL|Win32
		{DA6F56B4-06A4-441D-AD70-AC5A7D51FADB}.DLL Release|Itanium.ActiveCfg = DLL Release|Win32
		{DA6F56B4-06A4-441D-AD70-AC5A7D51FADB}.DLL Release|x64.ActiveCfg = DLL Release|x64
		{DA6F56B4-06A4-441D-AD70-AC5A7D51FADB}.DLL Release|x64.Build.0 = DLL Release|x64
		{DA6F56B4-06A4-441D-AD70-AC5A7D51FADB}.DLL Release|x86.ActiveCfg = DLL Release|Win32
		{DA6F56B4-06A4-441D-AD70-AC5A7D51FADB}.DLL Release|x86.Build.0 = DLL Release|Win32
		{DA6F56B4-06A4-441D-AD70-AC5A7D51FADB}.LIB Debug - DLL OpenSSL - DLL LibSSH2|Itanium.ActiveCfg = LIB Debug - DLL OpenSSL - DLL LibSSH2|Win32
		{DA6F56B4-06A4-441D-AD70-AC5A7D51FADB}.LIB Debug - DLL OpenSSL - DLL LibSSH2|x64.ActiveCfg = LIB Debug - DLL OpenSSL - DLL LibSSH2|x64
		{DA6F56B4-06A4-441D-AD70-AC5A7D51FADB}.LIB Debug - DLL OpenSSL - DLL LibSSH2|x64.Build.0 = LIB Debug - DLL OpenSSL - DLL LibSSH2|x64
		{DA6F56B4-06A4-441D-AD70-AC5A7D51FADB}.LIB Debug - DLL OpenSSL - DLL LibSSH2|x86.ActiveCfg = LIB Debug - DLL OpenSSL - DLL LibSSH2|Win32
		{DA6F56B4-06A4-441D-AD70-AC5A7D51FADB}.LIB Debug - DLL OpenSSL - DLL LibSSH2|x86.Build.0 = LIB Debug - DLL OpenSSL - DLL LibSSH2|Win32
		{DA6F56B4-06A4-441D-AD70-AC5A7D51FADB}.LIB Debug - DLL OpenSSL|Itanium.ActiveCfg = LIB Debug - DLL OpenSSL|Win32
		{DA6F56B4-06A4-441D-AD70-AC5A7D51FADB}.LIB Debug - DLL OpenSSL|x64.ActiveCfg = LIB Debug - DLL OpenSSL|x64
		{DA6F56B4-06A4-441D-AD70-AC5A7D51FADB}.LIB Debug - DLL OpenSSL|x64.Build.0 = LIB Debug - DLL OpenSSL|x64
		{DA6F56B4-06A4-441D-AD70-AC5A7D51FADB}.LIB Debug - DLL OpenSSL|x86.ActiveCfg = LIB Debug - DLL OpenSSL|Win32
		{DA6F56B4-06A4-441D-AD70-AC5A7D51FADB}.LIB Debug - DLL OpenSSL|x86.Build.0 = LIB Debug - DLL OpenSSL|Win32
		{DA6F56B4-06A4-441D-AD70-AC5A7D51FADB}.LIB Debug - DLL Windows SSPI - DLL WinIDN|Itanium.ActiveCfg = LIB Debug - DLL Windows SSPI - DLL WinIDN|Win32
		{DA6F56B4-06A4-441D-AD70-AC5A7D51FADB}.LIB Debug - DLL Windows SSPI - DLL WinIDN|x64.ActiveCfg = LIB Debug - DLL Windows SSPI - DLL WinIDN|x64
		{DA6F56B4-06A4-441D-AD70-AC5A7D51FADB}.LIB Debug - DLL Windows SSPI - DLL WinIDN|x64.Build.0 = LIB Debug - DLL Windows SSPI - DLL WinIDN|x64
		{DA6F56B4-06A4-441D-AD70-AC5A7D51FADB}.LIB Debug - DLL Windows SSPI - DLL WinIDN|x86.ActiveCfg = LIB Debug - DLL Windows SSPI - DLL WinIDN|Win32
		{DA6F56B4-06A4-441D-AD70-AC5A7D51FADB}.LIB Debug - DLL Windows SSPI - DLL WinIDN|x86.Build.0 = LIB Debug - DLL Windows SSPI - DLL WinIDN|Win32
		{DA6F56B4-06A4-441D-AD70-AC5A7D51FADB}.LIB Debug - DLL Windows SSPI|Itanium.ActiveCfg = LIB Debug - DLL Windows SSPI|Win32
		{DA6F56B4-06A4-441D-AD70-AC5A7D51FADB}.LIB Debug - DLL Windows SSPI|x64.ActiveCfg = LIB Debug - DLL Windows SSPI|x64
		{DA6F56B4-06A4-441D-AD70-AC5A7D51FADB}.LIB Debug - DLL Windows SSPI|x64.Build.0 = LIB Debug - DLL Windows SSPI|x64
		{DA6F56B4-06A4-441D-AD70-AC5A7D51FADB}.LIB Debug - DLL Windows SSPI|x86.ActiveCfg = LIB Debug - DLL Windows SSPI|Win32
		{DA6F56B4-06A4-441D-AD70-AC5A7D51FADB}.LIB Debug - DLL Windows SSPI|x86.Build.0 = LIB Debug - DLL Windows SSPI|Win32
		{DA6F56B4-06A4-441D-AD70-AC5A7D51FADB}.LIB Debug - LIB OpenSSL - LIB LibSSH2|Itanium.ActiveCfg = LIB Debug - LIB OpenSSL - LIB LibSSH2|Win32
		{DA6F56B4-06A4-441D-AD70-AC5A7D51FADB}.LIB Debug - LIB OpenSSL - LIB LibSSH2|x64.ActiveCfg = LIB Debug - LIB OpenSSL - LIB LibSSH2|x64
		{DA6F56B4-06A4-441D-AD70-AC5A7D51FADB}.LIB Debug - LIB OpenSSL - LIB LibSSH2|x64.Build.0 = LIB Debug - LIB OpenSSL - LIB LibSSH2|x64
		{DA6F56B4-06A4-441D-AD70-AC5A7D51FADB}.LIB Debug - LIB OpenSSL - LIB LibSSH2|x86.ActiveCfg = LIB Debug - LIB OpenSSL - LIB LibSSH2|Win32
		{DA6F56B4-06A4-441D-AD70-AC5A7D51FADB}.LIB Debug - LIB OpenSSL - LIB LibSSH2|x86.Build.0 = LIB Debug - LIB OpenSSL - LIB LibSSH2|Win32
		{DA6F56B4-06A4-441D-AD70-AC5A7D51FADB}.LIB Debug - LIB OpenSSL|Itanium.ActiveCfg = LIB Debug - LIB OpenSSL|Win32
		{DA6F56B4-06A4-441D-AD70-AC5A7D51FADB}.LIB Debug - LIB OpenSSL|x64.ActiveCfg = LIB Debug - LIB OpenSSL|x64
		{DA6F56B4-06A4-441D-AD70-AC5A7D51FADB}.LIB Debug - LIB OpenSSL|x64.Build.0 = LIB Debug - LIB OpenSSL|x64
		{DA6F56B4-06A4-441D-AD70-AC5A7D51FADB}.LIB Debug - LIB OpenSSL|x86.ActiveCfg = LIB Debug - LIB OpenSSL|Win32
		{DA6F56B4-06A4-441D-AD70-AC5A7D51FADB}.LIB Debug - LIB OpenSSL|x86.Build.0 = LIB Debug - LIB OpenSSL|Win32
		{DA6F56B4-06A4-441D-AD70-AC5A7D51FADB}.LIB Debug - LIB wolfSSL|Itanium.ActiveCfg = LIB Debug - LIB wolfSSL|Win32
		{DA6F56B4-06A4-441D-AD70-AC5A7D51FADB}.LIB Debug - LIB wolfSSL|x64.ActiveCfg = LIB Debug - LIB wolfSSL|x64
		{DA6F56B4-06A4-441D-AD70-AC5A7D51FADB}.LIB Debug - LIB wolfSSL|x64.Build.0 = LIB Debug - LIB wolfSSL|x64
		{DA6F56B4-06A4-441D-AD70-AC5A7D51FADB}.LIB Debug - LIB wolfSSL|x86.ActiveCfg = LIB Debug - LIB wolfSSL|Win32
		{DA6F56B4-06A4-441D-AD70-AC5A7D51FADB}.LIB Debug - LIB wolfSSL|x86.Build.0 = LIB Debug - LIB wolfSSL|Win32
		{DA6F56B4-06A4-441D-AD70-AC5A7D51FADB}.LIB Debug|Itanium.ActiveCfg = LIB Debug|Win32
		{DA6F56B4-06A4-441D-AD70-AC5A7D51FADB}.LIB Debug|x64.ActiveCfg = LIB Debug|x64
		{DA6F56B4-06A4-441D-AD70-AC5A7D51FADB}.LIB Debug|x64.Build.0 = LIB Debug|x64
		{DA6F56B4-06A4-441D-AD70-AC5A7D51FADB}.LIB Debug|x86.ActiveCfg = LIB Debug|Win32
		{DA6F56B4-06A4-441D-AD70-AC5A7D51FADB}.LIB Debug|x86.Build.0 = LIB Debug|Win32
		{DA6F56B4-06A4-441D-AD70-AC5A7D51FADB}.LIB Release - DLL OpenSSL - DLL LibSSH2|Itanium.ActiveCfg = LIB Release - DLL OpenSSL - DLL LibSSH2|Win32
		{DA6F56B4-06A4-441D-AD70-AC5A7D51FADB}.LIB Release - DLL OpenSSL - DLL LibSSH2|x64.ActiveCfg = LIB Release - DLL OpenSSL - DLL LibSSH2|x64
		{DA6F56B4-06A4-441D-AD70-AC5A7D51FADB}.LIB Release - DLL OpenSSL - DLL LibSSH2|x64.Build.0 = LIB Release - DLL OpenSSL - DLL LibSSH2|x64
		{DA6F56B4-06A4-441D-AD70-AC5A7D51FADB}.LIB Release - DLL OpenSSL - DLL LibSSH2|x86.ActiveCfg = LIB Release - DLL OpenSSL - DLL LibSSH2|Win32
		{DA6F56B4-06A4-441D-AD70-AC5A7D51FADB}.LIB Release - DLL OpenSSL - DLL LibSSH2|x86.Build.0 = LIB Release - DLL OpenSSL - DLL LibSSH2|Win32
		{DA6F56B4-06A4-441D-AD70-AC5A7D51FADB}.LIB Release - DLL OpenSSL|Itanium.ActiveCfg = LIB Release - DLL OpenSSL|Win32
		{DA6F56B4-06A4-441D-AD70-AC5A7D51FADB}.LIB Release - DLL OpenSSL|x64.ActiveCfg = LIB Release - DLL OpenSSL|x64
		{DA6F56B4-06A4-441D-AD70-AC5A7D51FADB}.LIB Release - DLL OpenSSL|x64.Build.0 = LIB Release - DLL OpenSSL|x64
		{DA6F56B4-06A4-441D-AD70-AC5A7D51FADB}.LIB Release - DLL OpenSSL|x86.ActiveCfg = LIB Release - DLL OpenSSL|Win32
		{DA6F56B4-06A4-441D-AD70-AC5A7D51FADB}.LIB Release - DLL OpenSSL|x86.Build.0 = LIB Release - DLL OpenSSL|Win32
		{DA6F56B4-06A4-441D-AD70-AC5A7D51FADB}.LIB Release - DLL Windows SSPI - DLL WinIDN|Itanium.ActiveCfg = LIB Release - DLL Windows SSPI - DLL WinIDN|Win32
		{DA6F56B4-06A4-441D-AD70-AC5A7D51FADB}.LIB Release - DLL Windows SSPI - DLL WinIDN|x64.ActiveCfg = LIB Release - DLL Windows SSPI - DLL WinIDN|x64
		{DA6F56B4-06A4-441D-AD70-AC5A7D51FADB}.LIB Release - DLL Windows SSPI - DLL WinIDN|x64.Build.0 = LIB Release - DLL Windows SSPI - DLL WinIDN|x64
		{DA6F56B4-06A4-441D-AD70-AC5A7D51FADB}.LIB Release - DLL Windows SSPI - DLL WinIDN|x86.ActiveCfg = LIB Release - DLL Windows SSPI - DLL WinIDN|Win32
		{DA6F56B4-06A4-441D-AD70-AC5A7D51FADB}.LIB Release - DLL Windows SSPI - DLL WinIDN|x86.Build.0 = LIB Release - DLL Windows SSPI - DLL WinIDN|Win32
		{DA6F56B4-06A4-441D-AD70-AC5A7D51FADB}.LIB Release - DLL Windows SSPI|Itanium.ActiveCfg = LIB Release - DLL Windows SSPI|Win32
		{DA6F56B4-06A4-441D-AD70-AC5A7D51FADB}.LIB Release - DLL Windows SSPI|x64.ActiveCfg = LIB Release - DLL Windows SSPI|x64
		{DA6F56B4-06A4-441D-AD70-AC5A7D51FADB}.LIB Release - DLL Windows SSPI|x64.Build.0 = LIB Release - DLL Windows SSPI|x64
		{DA6F56B4-06A4-441D-AD70-AC5A7D51FADB}.LIB Release - DLL Windows SSPI|x86.ActiveCfg = LIB Release - DLL Windows SSPI|Win32
		{DA6F56B4-06A4-441D-AD70-AC5A7D51FADB}.LIB Release - DLL Windows SSPI|x86.Build.0 = LIB Release - DLL Windows SSPI|Win32
		{DA6F56B4-06A4-441D-AD70-AC5A7D51FADB}.LIB Release - LIB OpenSSL - LIB LibSSH2|Itanium.ActiveCfg = LIB Release - LIB OpenSSL - LIB LibSSH2|Win32
		{DA6F56B4-06A4-441D-AD70-AC5A7D51FADB}.LIB Release - LIB OpenSSL - LIB LibSSH2|x64.ActiveCfg = LIB Release - LIB OpenSSL - LIB LibSSH2|x64
		{DA6F56B4-06A4-441D-AD70-AC5A7D51FADB}.LIB Release - LIB OpenSSL - LIB LibSSH2|x64.Build.0 = LIB Release - LIB OpenSSL - LIB LibSSH2|x64
		{DA6F56B4-06A4-441D-AD70-AC5A7D51FADB}.LIB Release - LIB OpenSSL - LIB LibSSH2|x86.ActiveCfg = LIB Release - LIB OpenSSL - LIB LibSSH2|Win32
		{DA6F56B4-06A4-441D-AD70-AC5A7D51FADB}.LIB Release - LIB OpenSSL - LIB LibSSH2|x86.Build.0 = LIB Release - LIB OpenSSL - LIB LibSSH2|Win32
		{DA6F56B4-06A4-441D-AD70-AC5A7D51FADB}.LIB Release - LIB OpenSSL|Itanium.ActiveCfg = LIB Release - LIB OpenSSL|Win32
		{DA6F56B4-06A4-441D-AD70-AC5A7D51FADB}.LIB Release - LIB OpenSSL|x64.ActiveCfg = LIB Release - LIB OpenSSL|x64
		{DA6F56B4-06A4-441D-AD70-AC5A7D51FADB}.LIB Release - LIB OpenSSL|x64.Build.0 = LIB Release - LIB OpenSSL|x64
		{DA6F56B4-06A4-441D-AD70-AC5A7D51FADB}.LIB Release - LIB OpenSSL|x86.ActiveCfg = LIB Release - LIB OpenSSL|Win32
		{DA6F56B4-06A4-441D-AD70-AC5A7D51FADB}.LIB Release - LIB OpenSSL|x86.Build.0 = LIB Release - LIB OpenSSL|Win32
		{DA6F56B4-06A4-441D-AD70-AC5A7D51FADB}.LIB Release - LIB wolfSSL|Itanium.ActiveCfg = LIB Release - LIB wolfSSL|Win32
		{DA6F56B4-06A4-441D-AD70-AC5A7D51FADB}.LIB Release - LIB wolfSSL|x64.ActiveCfg = LIB Release - LIB wolfSSL|x64
		{DA6F56B4-06A4-441D-AD70-AC5A7D51FADB}.LIB Release - LIB wolfSSL|x64.Build.0 = LIB Release - LIB wolfSSL|x64
		{DA6F56B4-06A4-441D-AD70-AC5A7D51FADB}.LIB Release - LIB wolfSSL|x86.ActiveCfg = LIB Release - LIB wolfSSL|Win32
		{DA6F56B4-06A4-441D-AD70-AC5A7D51FADB}.LIB Release - LIB wolfSSL|x86.Build.0 = LIB Release - LIB wolfSSL|Win32
		{DA6F56B4-06A4-441D-AD70-AC5A7D51FADB}.LIB Release|Itanium.ActiveCfg = LIB Release|Win32
		{DA6F56B4-06A4-441D-AD70-AC5A7D51FADB}.LIB Release|x64.ActiveCfg = LIB Release|x64
		{DA6F56B4-06A4-441D-AD70-AC5A7D51FADB}.LIB Release|x64.Build.0 = LIB Release|x64
		{DA6F56B4-06A4-441D-AD70-AC5A7D51FADB}.LIB Release|x86.ActiveCfg = LIB Release|Win32
		{DA6F56B4-06A4-441D-AD70-AC5A7D51FADB}.LIB Release|x86.Build.0 = LIB Release|Win32
		{DA6F56B4-06A4-441D-AD70-AC5A7D51FADB}.MinSizeRel|Itanium.ActiveCfg = LIB Release|Win32
		{DA6F56B4-06A4-441D-AD70-AC5A7D51FADB}.MinSizeRel|Itanium.Build.0 = LIB Release|Win32
		{DA6F56B4-06A4-441D-AD70-AC5A7D51FADB}.MinSizeRel|x64.ActiveCfg = LIB Release|x64
		{DA6F56B4-06A4-441D-AD70-AC5A7D51FADB}.MinSizeRel|x64.Build.0 = LIB Release|x64
		{DA6F56B4-06A4-441D-AD70-AC5A7D51FADB}.MinSizeRel|x86.ActiveCfg = LIB Release|Win32
		{DA6F56B4-06A4-441D-AD70-AC5A7D51FADB}.MinSizeRel|x86.Build.0 = LIB Release|Win32
		{DA6F56B4-06A4-441D-AD70-AC5A7D51FADB}.Release|Itanium.ActiveCfg = LIB Release|Win32
		{DA6F56B4-06A4-441D-AD70-AC5A7D51FADB}.Release|Itanium.Build.0 = LIB Release|Win32
		{DA6F56B4-06A4-441D-AD70-AC5A7D51FADB}.Release|x64.ActiveCfg = LIB Release - LIB OpenSSL|x64
		{DA6F56B4-06A4-441D-AD70-AC5A7D51FADB}.Release|x64.Build.0 = LIB Release - LIB OpenSSL|x64
		{DA6F56B4-06A4-441D-AD70-AC5A7D51FADB}.Release|x86.ActiveCfg = LIB Release - LIB OpenSSL - LIB LibSSH2|Win32
		{DA6F56B4-06A4-441D-AD70-AC5A7D51FADB}.Release|x86.Build.0 = LIB Release - LIB OpenSSL - LIB LibSSH2|Win32
		{DA6F56B4-06A4-441D-AD70-AC5A7D51FADB}.Release-Dll|Itanium.ActiveCfg = LIB Release|Win32
		{DA6F56B4-06A4-441D-AD70-AC5A7D51FADB}.Release-Dll|Itanium.Build.0 = LIB Release|Win32
		{DA6F56B4-06A4-441D-AD70-AC5A7D51FADB}.Release-Dll|x64.ActiveCfg = LIB Release - LIB OpenSSL - LIB LibSSH2|x64
		{DA6F56B4-06A4-441D-AD70-AC5A7D51FADB}.Release-Dll|x64.Build.0 = LIB Release - LIB OpenSSL - LIB LibSSH2|x64
		{DA6F56B4-06A4-441D-AD70-AC5A7D51FADB}.Release-Dll|x86.ActiveCfg = LIB Release - LIB OpenSSL - LIB LibSSH2|Win32
		{DA6F56B4-06A4-441D-AD70-AC5A7D51FADB}.Release-Dll|x86.Build.0 = LIB Release - LIB OpenSSL - LIB LibSSH2|Win32
		{DA6F56B4-06A4-441D-AD70-AC5A7D51FADB}.Release-Lib|Itanium.ActiveCfg = LIB Release|Win32
		{DA6F56B4-06A4-441D-AD70-AC5A7D51FADB}.Release-Lib|Itanium.Build.0 = LIB Release|Win32
		{DA6F56B4-06A4-441D-AD70-AC5A7D51FADB}.Release-Lib|x64.ActiveCfg = LIB Release - LIB OpenSSL - LIB LibSSH2|x64
		{DA6F56B4-06A4-441D-AD70-AC5A7D51FADB}.Release-Lib|x64.Build.0 = LIB Release - LIB OpenSSL - LIB LibSSH2|x64
		{DA6F56B4-06A4-441D-AD70-AC5A7D51FADB}.Release-Lib|x86.ActiveCfg = LIB Release - LIB OpenSSL - LIB LibSSH2|Win32
		{DA6F56B4-06A4-441D-AD70-AC5A7D51FADB}.Release-Lib|x86.Build.0 = LIB Release - LIB OpenSSL - LIB LibSSH2|Win32
		{DA6F56B4-06A4-441D-AD70-AC5A7D51FADB}.ReleaseWithoutAsm|Itanium.ActiveCfg = LIB Release|Win32
		{DA6F56B4-06A4-441D-AD70-AC5A7D51FADB}.ReleaseWithoutAsm|Itanium.Build.0 = LIB Release|Win32
		{DA6F56B4-06A4-441D-AD70-AC5A7D51FADB}.ReleaseWithoutAsm|x64.ActiveCfg = LIB Release|x64
		{DA6F56B4-06A4-441D-AD70-AC5A7D51FADB}.ReleaseWithoutAsm|x64.Build.0 = LIB Release|x64
		{DA6F56B4-06A4-441D-AD70-AC5A7D51FADB}.ReleaseWithoutAsm|x86.ActiveCfg = LIB Release|Win32
		{DA6F56B4-06A4-441D-AD70-AC5A7D51FADB}.ReleaseWithoutAsm|x86.Build.0 = LIB Release|Win32
		{DA6F56B4-06A4-441D-AD70-AC5A7D51FADB}.RelWithDebInfo|Itanium.ActiveCfg = LIB Release|Win32
		{DA6F56B4-06A4-441D-AD70-AC5A7D51FADB}.RelWithDebInfo|Itanium.Build.0 = LIB Release|Win32
		{DA6F56B4-06A4-441D-AD70-AC5A7D51FADB}.RelWithDebInfo|x64.ActiveCfg = LIB Release|x64
		{DA6F56B4-06A4-441D-AD70-AC5A7D51FADB}.RelWithDebInfo|x64.Build.0 = LIB Release|x64
		{DA6F56B4-06A4-441D-AD70-AC5A7D51FADB}.RelWithDebInfo|x86.ActiveCfg = LIB Release|Win32
		{DA6F56B4-06A4-441D-AD70-AC5A7D51FADB}.RelWithDebInfo|x86.Build.0 = LIB Release|Win32
		{8FD826F8-3739-44E6-8CC8-997122E53B8D}.Debug|Itanium.ActiveCfg = Debug|Itanium
		{8FD826F8-3739-44E6-8CC8-997122E53B8D}.Debug|Itanium.Build.0 = Debug|Itanium
		{8FD826F8-3739-44E6-8CC8-997122E53B8D}.Debug|x64.ActiveCfg = Debug|x64
		{8FD826F8-3739-44E6-8CC8-997122E53B8D}.Debug|x64.Build.0 = Debug|x64
		{8FD826F8-3739-44E6-8CC8-997122E53B8D}.Debug|x86.ActiveCfg = Debug|Win32
		{8FD826F8-3739-44E6-8CC8-997122E53B8D}.Debug|x86.Build.0 = Debug|Win32
		{8FD826F8-3739-44E6-8CC8-997122E53B8D}.Debug-Dll|Itanium.ActiveCfg = Debug|Itanium
		{8FD826F8-3739-44E6-8CC8-997122E53B8D}.Debug-Dll|Itanium.Build.0 = Debug|Itanium
		{8FD826F8-3739-44E6-8CC8-997122E53B8D}.Debug-Dll|x64.ActiveCfg = Debug|x64
		{8FD826F8-3739-44E6-8CC8-997122E53B8D}.Debug-Dll|x64.Build.0 = Debug|x64
		{8FD826F8-3739-44E6-8CC8-997122E53B8D}.Debug-Dll|x86.ActiveCfg = Debug|Win32
		{8FD826F8-3739-44E6-8CC8-997122E53B8D}.Debug-Dll|x86.Build.0 = Debug|Win32
		{8FD826F8-3739-44E6-8CC8-997122E53B8D}.Debug-Lib|Itanium.ActiveCfg = Debug|Itanium
		{8FD826F8-3739-44E6-8CC8-997122E53B8D}.Debug-Lib|Itanium.Build.0 = Debug|Itanium
		{8FD826F8-3739-44E6-8CC8-997122E53B8D}.Debug-Lib|x64.ActiveCfg = Debug|x64
		{8FD826F8-3739-44E6-8CC8-997122E53B8D}.Debug-Lib|x64.Build.0 = Debug|x64
		{8FD826F8-3739-44E6-8CC8-997122E53B8D}.Debug-Lib|x86.ActiveCfg = Debug|Win32
		{8FD826F8-3739-44E6-8CC8-997122E53B8D}.Debug-Lib|x86.Build.0 = Debug|Win32
		{8FD826F8-3739-44E6-8CC8-997122E53B8D}.DLL Debug - DLL OpenSSL - DLL LibSSH2|Itanium.ActiveCfg = Debug|Itanium
		{8FD826F8-3739-44E6-8CC8-997122E53B8D}.DLL Debug - DLL OpenSSL - DLL LibSSH2|Itanium.Build.0 = Debug|Itanium
		{8FD826F8-3739-44E6-8CC8-997122E53B8D}.DLL Debug - DLL OpenSSL - DLL LibSSH2|x64.ActiveCfg = Debug|x64
		{8FD826F8-3739-44E6-8CC8-997122E53B8D}.DLL Debug - DLL OpenSSL - DLL LibSSH2|x64.Build.0 = Debug|x64
		{8FD826F8-3739-44E6-8CC8-997122E53B8D}.DLL Debug - DLL OpenSSL - DLL LibSSH2|x86.ActiveCfg = Debug|Win32
		{8FD826F8-3739-44E6-8CC8-997122E53B8D}.DLL Debug - DLL OpenSSL - DLL LibSSH2|x86.Build.0 = Debug|Win32
		{8FD826F8-3739-44E6-8CC8-997122E53B8D}.DLL Debug - DLL OpenSSL|Itanium.ActiveCfg = Debug|Itanium
		{8FD826F8-3739-44E6-8CC8-997122E53B8D}.DLL Debug - DLL OpenSSL|Itanium.Build.0 = Debug|Itanium
		{8FD826F8-3739-44E6-8CC8-997122E53B8D}.DLL Debug - DLL OpenSSL|x64.ActiveCfg = Debug|x64
		{8FD826F8-3739-44E6-8CC8-997122E53B8D}.DLL Debug - DLL OpenSSL|x64.Build.0 = Debug|x64
		{8FD826F8-3739-44E6-8CC8-997122E53B8D}.DLL Debug - DLL OpenSSL|x86.ActiveCfg = Debug|Win32
		{8FD826F8-3739-44E6-8CC8-997122E53B8D}.DLL Debug - DLL OpenSSL|x86.Build.0 = Debug|Win32
		{8FD826F8-3739-44E6-8CC8-997122E53B8D}.DLL Debug - DLL Windows SSPI - DLL WinIDN|Itanium.ActiveCfg = Debug|Itanium
		{8FD826F8-3739-44E6-8CC8-997122E53B8D}.DLL Debug - DLL Windows SSPI - DLL WinIDN|Itanium.Build.0 = Debug|Itanium
		{8FD826F8-3739-44E6-8CC8-997122E53B8D}.DLL Debug - DLL Windows SSPI - DLL WinIDN|x64.ActiveCfg = Debug|x64
		{8FD826F8-3739-44E6-8CC8-997122E53B8D}.DLL Debug - DLL Windows SSPI - DLL WinIDN|x64.Build.0 = Debug|x64
		{8FD826F8-3739-44E6-8CC8-997122E53B8D}.DLL Debug - DLL Windows SSPI - DLL WinIDN|x86.ActiveCfg = Debug|Win32
		{8FD826F8-3739-44E6-8CC8-997122E53B8D}.DLL Debug - DLL Windows SSPI - DLL WinIDN|x86.Build.0 = Debug|Win32
		{8FD826F8-3739-44E6-8CC8-997122E53B8D}.DLL Debug - DLL Windows SSPI|Itanium.ActiveCfg = Debug|Itanium
		{8FD826F8-3739-44E6-8CC8-997122E53B8D}.DLL Debug - DLL Windows SSPI|Itanium.Build.0 = Debug|Itanium
		{8FD826F8-3739-44E6-8CC8-997122E53B8D}.DLL Debug - DLL Windows SSPI|x64.ActiveCfg = Debug|x64
		{8FD826F8-3739-44E6-8CC8-997122E53B8D}.DLL Debug - DLL Windows SSPI|x64.Build.0 = Debug|x64
		{8FD826F8-3739-44E6-8CC8-997122E53B8D}.DLL Debug - DLL Windows SSPI|x86.ActiveCfg = Debug|Win32
		{8FD826F8-3739-44E6-8CC8-997122E53B8D}.DLL Debug - DLL Windows SSPI|x86.Build.0 = Debug|Win32
		{8FD826F8-3739-44E6-8CC8-997122E53B8D}.DLL Debug - DLL wolfSSL|Itanium.ActiveCfg = Debug|Itanium
		{8FD826F8-3739-44E6-8CC8-997122E53B8D}.DLL Debug - DLL wolfSSL|Itanium.Build.0 = Debug|Itanium
		{8FD826F8-3739-44E6-8CC8-997122E53B8D}.DLL Debug - DLL wolfSSL|x64.ActiveCfg = Debug|x64
		{8FD826F8-3739-44E6-8CC8-997122E53B8D}.DLL Debug - DLL wolfSSL|x64.Build.0 = Debug|x64
		{8FD826F8-3739-44E6-8CC8-997122E53B8D}.DLL Debug - DLL wolfSSL|x86.ActiveCfg = Debug|Win32
		{8FD826F8-3739-44E6-8CC8-997122E53B8D}.DLL Debug - DLL wolfSSL|x86.Build.0 = Debug|Win32
		{8FD826F8-3739-44E6-8CC8-997122E53B8D}.DLL Debug|Itanium.ActiveCfg = Debug|Itanium
		{8FD826F8-3739-44E6-8CC8-997122E53B8D}.DLL Debug|Itanium.Build.0 = Debug|Itanium
		{8FD826F8-3739-44E6-8CC8-997122E53B8D}.DLL Debug|x64.ActiveCfg = Debug|x64
		{8FD826F8-3739-44E6-8CC8-997122E53B8D}.DLL Debug|x64.Build.0 = Debug|x64
		{8FD826F8-3739-44E6-8CC8-997122E53B8D}.DLL Debug|x86.ActiveCfg = Debug|Win32
		{8FD826F8-3739-44E6-8CC8-997122E53B8D}.DLL Debug|x86.Build.0 = Debug|Win32
		{8FD826F8-3739-44E6-8CC8-997122E53B8D}.DLL Release - DLL OpenSSL - DLL LibSSH2|Itanium.ActiveCfg = Release|Itanium
		{8FD826F8-3739-44E6-8CC8-997122E53B8D}.DLL Release - DLL OpenSSL - DLL LibSSH2|Itanium.Build.0 = Release|Itanium
		{8FD826F8-3739-44E6-8CC8-997122E53B8D}.DLL Release - DLL OpenSSL - DLL LibSSH2|x64.ActiveCfg = Release|x64
		{8FD826F8-3739-44E6-8CC8-997122E53B8D}.DLL Release - DLL OpenSSL - DLL LibSSH2|x64.Build.0 = Release|x64
		{8FD826F8-3739-44E6-8CC8-997122E53B8D}.DLL Release - DLL OpenSSL - DLL LibSSH2|x86.ActiveCfg = Release|Win32
		{8FD826F8-3739-44E6-8CC8-997122E53B8D}.DLL Release - DLL OpenSSL - DLL LibSSH2|x86.Build.0 = Release|Win32
		{8FD826F8-3739-44E6-8CC8-997122E53B8D}.DLL Release - DLL OpenSSL|Itanium.ActiveCfg = Release|Itanium
		{8FD826F8-3739-44E6-8CC8-997122E53B8D}.DLL Release - DLL OpenSSL|Itanium.Build.0 = Release|Itanium
		{8FD826F8-3739-44E6-8CC8-997122E53B8D}.DLL Release - DLL OpenSSL|x64.ActiveCfg = Release|x64
		{8FD826F8-3739-44E6-8CC8-997122E53B8D}.DLL Release - DLL OpenSSL|x64.Build.0 = Release|x64
		{8FD826F8-3739-44E6-8CC8-997122E53B8D}.DLL Release - DLL OpenSSL|x86.ActiveCfg = Release|Win32
		{8FD826F8-3739-44E6-8CC8-997122E53B8D}.DLL Release - DLL OpenSSL|x86.Build.0 = Release|Win32
		{8FD826F8-3739-44E6-8CC8-997122E53B8D}.DLL Release - DLL Windows SSPI - DLL WinIDN|Itanium.ActiveCfg = Release|Itanium
		{8FD826F8-3739-44E6-8CC8-997122E53B8D}.DLL Release - DLL Windows SSPI - DLL WinIDN|Itanium.Build.0 = Release|Itanium
		{8FD826F8-3739-44E6-8CC8-997122E53B8D}.DLL Release - DLL Windows SSPI - DLL WinIDN|x64.ActiveCfg = Release|x64
		{8FD826F8-3739-44E6-8CC8-997122E53B8D}.DLL Release - DLL Windows SSPI - DLL WinIDN|x64.Build.0 = Release|x64
		{8FD826F8-3739-44E6-8CC8-997122E53B8D}.DLL Release - DLL Windows SSPI - DLL WinIDN|x86.ActiveCfg = Release|Win32
		{8FD826F8-3739-44E6-8CC8-997122E53B8D}.DLL Release - DLL Windows SSPI - DLL WinIDN|x86.Build.0 = Release|Win32
		{8FD826F8-3739-44E6-8CC8-997122E53B8D}.DLL Release - DLL Windows SSPI|Itanium.ActiveCfg = Release|Itanium
		{8FD826F8-3739-44E6-8CC8-997122E53B8D}.DLL Release - DLL Windows SSPI|Itanium.Build.0 = Release|Itanium
		{8FD826F8-3739-44E6-8CC8-997122E53B8D}.DLL Release - DLL Windows SSPI|x64.ActiveCfg = Release|x64
		{8FD826F8-3739-44E6-8CC8-997122E53B8D}.DLL Release - DLL Windows SSPI|x64.Build.0 = Release|x64
		{8FD826F8-3739-44E6-8CC8-997122E53B8D}.DLL Release - DLL Windows SSPI|x86.ActiveCfg = Release|Win32
		{8FD826F8-3739-44E6-8CC8-997122E53B8D}.DLL Release - DLL Windows SSPI|x86.Build.0 = Release|Win32
		{8FD826F8-3739-44E6-8CC8-997122E53B8D}.DLL Release - DLL wolfSSL|Itanium.ActiveCfg = Release|Itanium
		{8FD826F8-3739-44E6-8CC8-997122E53B8D}.DLL Release - DLL wolfSSL|Itanium.Build.0 = Release|Itanium
		{8FD826F8-3739-44E6-8CC8-997122E53B8D}.DLL Release - DLL wolfSSL|x64.ActiveCfg = Release|x64
		{8FD826F8-3739-44E6-8CC8-997122E53B8D}.DLL Release - DLL wolfSSL|x64.Build.0 = Release|x64
		{8FD826F8-3739-44E6-8CC8-997122E53B8D}.DLL Release - DLL wolfSSL|x86.ActiveCfg = Release|Win32
		{8FD826F8-3739-44E6-8CC8-997122E53B8D}.DLL Release - DLL wolfSSL|x86.Build.0 = Release|Win32
		{8FD826F8-3739-44E6-8CC8-997122E53B8D}.DLL Release|Itanium.ActiveCfg = Release|Itanium
		{8FD826F8-3739-44E6-8CC8-997122E53B8D}.DLL Release|Itanium.Build.0 = Release|Itanium
		{8FD826F8-3739-44E6-8CC8-997122E53B8D}.DLL Release|x64.ActiveCfg = Release|x64
		{8FD826F8-3739-44E6-8CC8-997122E53B8D}.DLL Release|x64.Build.0 = Release|x64
		{8FD826F8-3739-44E6-8CC8-997122E53B8D}.DLL Release|x86.ActiveCfg = Release|Win32
		{8FD826F8-3739-44E6-8CC8-997122E53B8D}.DLL Release|x86.Build.0 = Release|Win32
		{8FD826F8-3739-44E6-8CC8-997122E53B8D}.LIB Debug - DLL OpenSSL - DLL LibSSH2|Itanium.ActiveCfg = Debug|Itanium
		{8FD826F8-3739-44E6-8CC8-997122E53B8D}.LIB Debug - DLL OpenSSL - DLL LibSSH2|Itanium.Build.0 = Debug|Itanium
		{8FD826F8-3739-44E6-8CC8-997122E53B8D}.LIB Debug - DLL OpenSSL - DLL LibSSH2|x64.ActiveCfg = Debug|x64
		{8FD826F8-3739-44E6-8CC8-997122E53B8D}.LIB Debug - DLL OpenSSL - DLL LibSSH2|x64.Build.0 = Debug|x64
		{8FD826F8-3739-44E6-8CC8-997122E53B8D}.LIB Debug - DLL OpenSSL - DLL LibSSH2|x86.ActiveCfg = Debug|Win32
		{8FD826F8-3739-44E6-8CC8-997122E53B8D}.LIB Debug - DLL OpenSSL - DLL LibSSH2|x86.Build.0 = Debug|Win32
		{8FD826F8-3739-44E6-8CC8-997122E53B8D}.LIB Debug - DLL OpenSSL|Itanium.ActiveCfg = Debug|Itanium
		{8FD826F8-3739-44E6-8CC8-997122E53B8D}.LIB Debug - DLL OpenSSL|Itanium.Build.0 = Debug|Itanium
		{8FD826F8-3739-44E6-8CC8-997122E53B8D}.LIB Debug - DLL OpenSSL|x64.ActiveCfg = Debug|x64
		{8FD826F8-3739-44E6-8CC8-997122E53B8D}.LIB Debug - DLL OpenSSL|x64.Build.0 = Debug|x64
		{8FD826F8-3739-44E6-8CC8-997122E53B8D}.LIB Debug - DLL OpenSSL|x86.ActiveCfg = Debug|Win32
		{8FD826F8-3739-44E6-8CC8-997122E53B8D}.LIB Debug - DLL OpenSSL|x86.Build.0 = Debug|Win32
		{8FD826F8-3739-44E6-8CC8-997122E53B8D}.LIB Debug - DLL Windows SSPI - DLL WinIDN|Itanium.ActiveCfg = Debug|Itanium
		{8FD826F8-3739-44E6-8CC8-997122E53B8D}.LIB Debug - DLL Windows SSPI - DLL WinIDN|Itanium.Build.0 = Debug|Itanium
		{8FD826F8-3739-44E6-8CC8-997122E53B8D}.LIB Debug - DLL Windows SSPI - DLL WinIDN|x64.ActiveCfg = Debug|x64
		{8FD826F8-3739-44E6-8CC8-997122E53B8D}.LIB Debug - DLL Windows SSPI - DLL WinIDN|x64.Build.0 = Debug|x64
		{8FD826F8-3739-44E6-8CC8-997122E53B8D}.LIB Debug - DLL Windows SSPI - DLL WinIDN|x86.ActiveCfg = Debug|Win32
		{8FD826F8-3739-44E6-8CC8-997122E53B8D}.LIB Debug - DLL Windows SSPI - DLL WinIDN|x86.Build.0 = Debug|Win32
		{8FD826F8-3739-44E6-8CC8-997122E53B8D}.LIB Debug - DLL Windows SSPI|Itanium.ActiveCfg = Debug|Itanium
		{8FD826F8-3739-44E6-8CC8-997122E53B8D}.LIB Debug - DLL Windows SSPI|Itanium.Build.0 = Debug|Itanium
		{8FD826F8-3739-44E6-8CC8-997122E53B8D}.LIB Debug - DLL Windows SSPI|x64.ActiveCfg = Debug|x64
		{8FD826F8-3739-44E6-8CC8-997122E53B8D}.LIB Debug - DLL Windows SSPI|x64.Build.0 = Debug|x64
		{8FD826F8-3739-44E6-8CC8-997122E53B8D}.LIB Debug - DLL Windows SSPI|x86.ActiveCfg = Debug|Win32
		{8FD826F8-3739-44E6-8CC8-997122E53B8D}.LIB Debug - DLL Windows SSPI|x86.Build.0 = Debug|Win32
		{8FD826F8-3739-44E6-8CC8-997122E53B8D}.LIB Debug - LIB OpenSSL - LIB LibSSH2|Itanium.ActiveCfg = Debug|Itanium
		{8FD826F8-3739-44E6-8CC8-997122E53B8D}.LIB Debug - LIB OpenSSL - LIB LibSSH2|Itanium.Build.0 = Debug|Itanium
		{8FD826F8-3739-44E6-8CC8-997122E53B8D}.LIB Debug - LIB OpenSSL - LIB LibSSH2|x64.ActiveCfg = Debug|x64
		{8FD826F8-3739-44E6-8CC8-997122E53B8D}.LIB Debug - LIB OpenSSL - LIB LibSSH2|x64.Build.0 = Debug|x64
		{8FD826F8-3739-44E6-8CC8-997122E53B8D}.LIB Debug - LIB OpenSSL - LIB LibSSH2|x86.ActiveCfg = Debug|Win32
		{8FD826F8-3739-44E6-8CC8-997122E53B8D}.LIB Debug - LIB OpenSSL - LIB LibSSH2|x86.Build.0 = Debug|Win32
		{8FD826F8-3739-44E6-8CC8-997122E53B8D}.LIB Debug - LIB OpenSSL|Itanium.ActiveCfg = Debug|Itanium
		{8FD826F8-3739-44E6-8CC8-997122E53B8D}.LIB Debug - LIB OpenSSL|Itanium.Build.0 = Debug|Itanium
		{8FD826F8-3739-44E6-8CC8-997122E53B8D}.LIB Debug - LIB OpenSSL|x64.ActiveCfg = Debug|x64
		{8FD826F8-3739-44E6-8CC8-997122E53B8D}.LIB Debug - LIB OpenSSL|x64.Build.0 = Debug|x64
		{8FD826F8-3739-44E6-8CC8-997122E53B8D}.LIB Debug - LIB OpenSSL|x86.ActiveCfg = Debug|Win32
		{8FD826F8-3739-44E6-8CC8-997122E53B8D}.LIB Debug - LIB OpenSSL|x86.Build.0 = Debug|Win32
		{8FD826F8-3739-44E6-8CC8-997122E53B8D}.LIB Debug - LIB wolfSSL|Itanium.ActiveCfg = Debug|Itanium
		{8FD826F8-3739-44E6-8CC8-997122E53B8D}.LIB Debug - LIB wolfSSL|Itanium.Build.0 = Debug|Itanium
		{8FD826F8-3739-44E6-8CC8-997122E53B8D}.LIB Debug - LIB wolfSSL|x64.ActiveCfg = Debug|x64
		{8FD826F8-3739-44E6-8CC8-997122E53B8D}.LIB Debug - LIB wolfSSL|x64.Build.0 = Debug|x64
		{8FD826F8-3739-44E6-8CC8-997122E53B8D}.LIB Debug - LIB wolfSSL|x86.ActiveCfg = Debug|Win32
		{8FD826F8-3739-44E6-8CC8-997122E53B8D}.LIB Debug - LIB wolfSSL|x86.Build.0 = Debug|Win32
		{8FD826F8-3739-44E6-8CC8-997122E53B8D}.LIB Debug|Itanium.ActiveCfg = Debug|Itanium
		{8FD826F8-3739-44E6-8CC8-997122E53B8D}.LIB Debug|Itanium.Build.0 = Debug|Itanium
		{8FD826F8-3739-44E6-8CC8-997122E53B8D}.LIB Debug|x64.ActiveCfg = Debug|x64
		{8FD826F8-3739-44E6-8CC8-997122E53B8D}.LIB Debug|x64.Build.0 = Debug|x64
		{8FD826F8-3739-44E6-8CC8-997122E53B8D}.LIB Debug|x86.ActiveCfg = Debug|Win32
		{8FD826F8-3739-44E6-8CC8-997122E53B8D}.LIB Debug|x86.Build.0 = Debug|Win32
		{8FD826F8-3739-44E6-8CC8-997122E53B8D}.LIB Release - DLL OpenSSL - DLL LibSSH2|Itanium.ActiveCfg = Release|Itanium
		{8FD826F8-3739-44E6-8CC8-997122E53B8D}.LIB Release - DLL OpenSSL - DLL LibSSH2|Itanium.Build.0 = Release|Itanium
		{8FD826F8-3739-44E6-8CC8-997122E53B8D}.LIB Release - DLL OpenSSL - DLL LibSSH2|x64.ActiveCfg = Release|x64
		{8FD826F8-3739-44E6-8CC8-997122E53B8D}.LIB Release - DLL OpenSSL - DLL LibSSH2|x64.Build.0 = Release|x64
		{8FD826F8-3739-44E6-8CC8-997122E53B8D}.LIB Release - DLL OpenSSL - DLL LibSSH2|x86.ActiveCfg = Release|Win32
		{8FD826F8-3739-44E6-8CC8-997122E53B8D}.LIB Release - DLL OpenSSL - DLL LibSSH2|x86.Build.0 = Release|Win32
		{8FD826F8-3739-44E6-8CC8-997122E53B8D}.LIB Release - DLL OpenSSL|Itanium.ActiveCfg = Release|Itanium
		{8FD826F8-3739-44E6-8CC8-997122E53B8D}.LIB Release - DLL OpenSSL|Itanium.Build.0 = Release|Itanium
		{8FD826F8-3739-44E6-8CC8-997122E53B8D}.LIB Release - DLL OpenSSL|x64.ActiveCfg = Release|x64
		{8FD826F8-3739-44E6-8CC8-997122E53B8D}.LIB Release - DLL OpenSSL|x64.Build.0 = Release|x64
		{8FD826F8-3739-44E6-8CC8-997122E53B8D}.LIB Release - DLL OpenSSL|x86.ActiveCfg = Release|Win32
		{8FD826F8-3739-44E6-8CC8-997122E53B8D}.LIB Release - DLL OpenSSL|x86.Build.0 = Release|Win32
		{8FD826F8-3739-44E6-8CC8-997122E53B8D}.LIB Release - DLL Windows SSPI - DLL WinIDN|Itanium.ActiveCfg = Release|Itanium
		{8FD826F8-3739-44E6-8CC8-997122E53B8D}.LIB Release - DLL Windows SSPI - DLL WinIDN|Itanium.Build.0 = Release|Itanium
		{8FD826F8-3739-44E6-8CC8-997122E53B8D}.LIB Release - DLL Windows SSPI - DLL WinIDN|x64.ActiveCfg = Release|x64
		{8FD826F8-3739-44E6-8CC8-997122E53B8D}.LIB Release - DLL Windows SSPI - DLL WinIDN|x64.Build.0 = Release|x64
		{8FD826F8-3739-44E6-8CC8-997122E53B8D}.LIB Release - DLL Windows SSPI - DLL WinIDN|x86.ActiveCfg = Release|Win32
		{8FD826F8-3739-44E6-8CC8-997122E53B8D}.LIB Release - DLL Windows SSPI - DLL WinIDN|x86.Build.0 = Release|Win32
		{8FD826F8-3739-44E6-8CC8-997122E53B8D}.LIB Release - DLL Windows SSPI|Itanium.ActiveCfg = Release|Itanium
		{8FD826F8-3739-44E6-8CC8-997122E53B8D}.LIB Release - DLL Windows SSPI|Itanium.Build.0 = Release|Itanium
		{8FD826F8-3739-44E6-8CC8-997122E53B8D}.LIB Release - DLL Windows SSPI|x64.ActiveCfg = Release|x64
		{8FD826F8-3739-44E6-8CC8-997122E53B8D}.LIB Release - DLL Windows SSPI|x64.Build.0 = Release|x64
		{8FD826F8-3739-44E6-8CC8-997122E53B8D}.LIB Release - DLL Windows SSPI|x86.ActiveCfg = Release|Win32
		{8FD826F8-3739-44E6-8CC8-997122E53B8D}.LIB Release - DLL Windows SSPI|x86.Build.0 = Release|Win32
		{8FD826F8-3739-44E6-8CC8-997122E53B8D}.LIB Release - LIB OpenSSL - LIB LibSSH2|Itanium.ActiveCfg = Release|Itanium
		{8FD826F8-3739-44E6-8CC8-997122E53B8D}.LIB Release - LIB OpenSSL - LIB LibSSH2|Itanium.Build.0 = Release|Itanium
		{8FD826F8-3739-44E6-8CC8-997122E53B8D}.LIB Release - LIB OpenSSL - LIB LibSSH2|x64.ActiveCfg = Release|x64
		{8FD826F8-3739-44E6-8CC8-997122E53B8D}.LIB Release - LIB OpenSSL - LIB LibSSH2|x64.Build.0 = Release|x64
		{8FD826F8-3739-44E6-8CC8-997122E53B8D}.LIB Release - LIB OpenSSL - LIB LibSSH2|x86.ActiveCfg = Release|Win32
		{8FD826F8-3739-44E6-8CC8-997122E53B8D}.LIB Release - LIB OpenSSL - LIB LibSSH2|x86.Build.0 = Release|Win32
		{8FD826F8-3739-44E6-8CC8-997122E53B8D}.LIB Release - LIB OpenSSL|Itanium.ActiveCfg = Release|Itanium
		{8FD826F8-3739-44E6-8CC8-997122E53B8D}.LIB Release - LIB OpenSSL|Itanium.Build.0 = Release|Itanium
		{8FD826F8-3739-44E6-8CC8-997122E53B8D}.LIB Release - LIB OpenSSL|x64.ActiveCfg = Release|x64
		{8FD826F8-3739-44E6-8CC8-997122E53B8D}.LIB Release - LIB OpenSSL|x64.Build.0 = Release|x64
		{8FD826F8-3739-44E6-8CC8-997122E53B8D}.LIB Release - LIB OpenSSL|x86.ActiveCfg = Release|Win32
		{8FD826F8-3739-44E6-8CC8-997122E53B8D}.LIB Release - LIB OpenSSL|x86.Build.0 = Release|Win32
		{8FD826F8-3739-44E6-8CC8-997122E53B8D}.LIB Release - LIB wolfSSL|Itanium.ActiveCfg = Release|Itanium
		{8FD826F8-3739-44E6-8CC8-997122E53B8D}.LIB Release - LIB wolfSSL|Itanium.Build.0 = Release|Itanium
		{8FD826F8-3739-44E6-8CC8-997122E53B8D}.LIB Release - LIB wolfSSL|x64.ActiveCfg = Release|x64
		{8FD826F8-3739-44E6-8CC8-997122E53B8D}.LIB Release - LIB wolfSSL|x64.Build.0 = Release|x64
		{8FD826F8-3739-44E6-8CC8-997122E53B8D}.LIB Release - LIB wolfSSL|x86.ActiveCfg = Release|Win32
		{8FD826F8-3739-44E6-8CC8-997122E53B8D}.LIB Release - LIB wolfSSL|x86.Build.0 = Release|Win32
		{8FD826F8-3739-44E6-8CC8-997122E53B8D}.LIB Release|Itanium.ActiveCfg = Release|Itanium
		{8FD826F8-3739-44E6-8CC8-997122E53B8D}.LIB Release|Itanium.Build.0 = Release|Itanium
		{8FD826F8-3739-44E6-8CC8-997122E53B8D}.LIB Release|x64.ActiveCfg = Release|x64
		{8FD826F8-3739-44E6-8CC8-997122E53B8D}.LIB Release|x64.Build.0 = Release|x64
		{8FD826F8-3739-44E6-8CC8-997122E53B8D}.LIB Release|x86.ActiveCfg = Release|Win32
		{8FD826F8-3739-44E6-8CC8-997122E53B8D}.LIB Release|x86.Build.0 = Release|Win32
		{8FD826F8-3739-44E6-8CC8-997122E53B8D}.MinSizeRel|Itanium.ActiveCfg = Release|Itanium
		{8FD826F8-3739-44E6-8CC8-997122E53B8D}.MinSizeRel|Itanium.Build.0 = Release|Itanium
		{8FD826F8-3739-44E6-8CC8-997122E53B8D}.MinSizeRel|x64.ActiveCfg = ReleaseWithoutAsm|x64
		{8FD826F8-3739-44E6-8CC8-997122E53B8D}.MinSizeRel|x64.Build.0 = ReleaseWithoutAsm|x64
		{8FD826F8-3739-44E6-8CC8-997122E53B8D}.MinSizeRel|x86.ActiveCfg = Release|Win32
		{8FD826F8-3739-44E6-8CC8-997122E53B8D}.MinSizeRel|x86.Build.0 = Release|Win32
		{8FD826F8-3739-44E6-8CC8-997122E53B8D}.Release|Itanium.ActiveCfg = Release|Itanium
		{8FD826F8-3739-44E6-8CC8-997122E53B8D}.Release|Itanium.Build.0 = Release|Itanium
		{8FD826F8-3739-44E6-8CC8-997122E53B8D}.Release|x64.ActiveCfg = Release|x64
		{8FD826F8-3739-44E6-8CC8-997122E53B8D}.Release|x64.Build.0 = Release|x64
		{8FD826F8-3739-44E6-8CC8-997122E53B8D}.Release|x86.ActiveCfg = Release|Win32
		{8FD826F8-3739-44E6-8CC8-997122E53B8D}.Release|x86.Build.0 = Release|Win32
		{8FD826F8-3739-44E6-8CC8-997122E53B8D}.Release-Dll|Itanium.ActiveCfg = Release|Itanium
		{8FD826F8-3739-44E6-8CC8-997122E53B8D}.Release-Dll|Itanium.Build.0 = Release|Itanium
		{8FD826F8-3739-44E6-8CC8-997122E53B8D}.Release-Dll|x64.ActiveCfg = ReleaseWithoutAsm|x64
		{8FD826F8-3739-44E6-8CC8-997122E53B8D}.Release-Dll|x64.Build.0 = ReleaseWithoutAsm|x64
		{8FD826F8-3739-44E6-8CC8-997122E53B8D}.Release-Dll|x86.ActiveCfg = Release|Win32
		{8FD826F8-3739-44E6-8CC8-997122E53B8D}.Release-Dll|x86.Build.0 = Release|Win32
		{8FD826F8-3739-44E6-8CC8-997122E53B8D}.Release-Lib|Itanium.ActiveCfg = Release|Itanium
		{8FD826F8-3739-44E6-8CC8-997122E53B8D}.Release-Lib|Itanium.Build.0 = Release|Itanium
		{8FD826F8-3739-44E6-8CC8-997122E53B8D}.Release-Lib|x64.ActiveCfg = ReleaseWithoutAsm|x64
		{8FD826F8-3739-44E6-8CC8-997122E53B8D}.Release-Lib|x64.Build.0 = ReleaseWithoutAsm|x64
		{8FD826F8-3739-44E6-8CC8-997122E53B8D}.Release-Lib|x86.ActiveCfg = Release|Win32
		{8FD826F8-3739-44E6-8CC8-997122E53B8D}.Release-Lib|x86.Build.0 = Release|Win32
		{8FD826F8-3739-44E6-8CC8-997122E53B8D}.ReleaseWithoutAsm|Itanium.ActiveCfg = ReleaseWithoutAsm|Itanium
		{8FD826F8-3739-44E6-8CC8-997122E53B8D}.ReleaseWithoutAsm|Itanium.Build.0 = ReleaseWithoutAsm|Itanium
		{8FD826F8-3739-44E6-8CC8-997122E53B8D}.ReleaseWithoutAsm|x64.ActiveCfg = ReleaseWithoutAsm|x64
		{8FD826F8-3739-44E6-8CC8-997122E53B8D}.ReleaseWithoutAsm|x64.Build.0 = ReleaseWithoutAsm|x64
		{8FD826F8-3739-44E6-8CC8-997122E53B8D}.ReleaseWithoutAsm|x86.ActiveCfg = ReleaseWithoutAsm|Win32
		{8FD826F8-3739-44E6-8CC8-997122E53B8D}.ReleaseWithoutAsm|x86.Build.0 = ReleaseWithoutAsm|Win32
		{8FD826F8-3739-44E6-8CC8-997122E53B8D}.RelWithDebInfo|Itanium.ActiveCfg = Release|Itanium
		{8FD826F8-3739-44E6-8CC8-997122E53B8D}.RelWithDebInfo|Itanium.Build.0 = Release|Itanium
		{8FD826F8-3739-44E6-8CC8-997122E53B8D}.RelWithDebInfo|x64.ActiveCfg = ReleaseWithoutAsm|x64
		{8FD826F8-3739-44E6-8CC8-997122E53B8D}.RelWithDebInfo|x64.Build.0 = ReleaseWithoutAsm|x64
		{8FD826F8-3739-44E6-8CC8-997122E53B8D}.RelWithDebInfo|x86.ActiveCfg = Release|Win32
		{8FD826F8-3739-44E6-8CC8-997122E53B8D}.RelWithDebInfo|x86.Build.0 = Release|Win32
	EndGlobalSection
	GlobalSection(SolutionProperties) = preSolution
		HideSolutionNode = FALSE
	EndGlobalSection
	GlobalSection(ExtensibilityGlobals) = postSolution
		SolutionGuid = {AEC774FA-53D2-4A1D-AB04-1F167EBA7BB6}
	EndGlobalSection
EndGlobal
