<?xml version="1.0" encoding="utf-8"?>
<Project ToolsVersion="4.0" xmlns="http://schemas.microsoft.com/developer/msbuild/2003">
  <ItemGroup>
    <ClCompile Include="..\source\ss_api.cpp">
      <Filter>source</Filter>
    </ClCompile>
    <ClCompile Include="..\source\ss_curl.cpp">
      <Filter>source</Filter>
    </ClCompile>
    <ClCompile Include="..\source\ss_game.cpp">
      <Filter>source</Filter>
    </ClCompile>
    <ClCompile Include="..\source\ss_gameinfo.cpp">
      <Filter>source</Filter>
    </ClCompile>
    <ClCompile Include="..\source\ss_gamelist.cpp">
      <Filter>source</Filter>
    </ClCompile>
    <ClCompile Include="..\source\ss_gamesearch.cpp">
      <Filter>source</Filter>
    </ClCompile>
    <ClCompile Include="..\source\ss_mediasgamelist.cpp">
      <Filter>source</Filter>
    </ClCompile>
    <ClCompile Include="..\source\ss_user.cpp">
      <Filter>source</Filter>
    </ClCompile>
    <ClCompile Include="..\test\main.cpp">
      <Filter>sscrap</Filter>
    </ClCompile>
    <ClCompile Include="..\test\utility.cpp">
      <Filter>sscrap</Filter>
    </ClCompile>
    <ClCompile Include="..\test\windows\minizip\unzip.c">
      <Filter>sscrap\windows\minizip</Filter>
    </ClCompile>
    <ClCompile Include="..\test\windows\minizip\ioapi.c">
      <Filter>sscrap\windows\minizip</Filter>
    </ClCompile>
    <ClCompile Include="..\test\windows\pthread.cpp">
      <Filter>sscrap\windows</Filter>
    </ClCompile>
    <ClCompile Include="..\test\windows\ss_io.cpp">
      <Filter>sscrap\windows</Filter>
    </ClCompile>
  </ItemGroup>
  <ItemGroup>
    <ClInclude Include="..\include\ss_api.h">
      <Filter>include</Filter>
    </ClInclude>
    <ClInclude Include="..\include\ss_curl.h">
      <Filter>include</Filter>
    </ClInclude>
    <ClInclude Include="..\include\ss_game.h">
      <Filter>include</Filter>
    </ClInclude>
    <ClInclude Include="..\include\ss_gameinfo.h">
      <Filter>include</Filter>
    </ClInclude>
    <ClInclude Include="..\include\ss_gamelist.h">
      <Filter>include</Filter>
    </ClInclude>
    <ClInclude Include="..\include\ss_gamesearch.h">
      <Filter>include</Filter>
    </ClInclude>
    <ClInclude Include="..\include\ss_io.h">
      <Filter>include</Filter>
    </ClInclude>
    <ClInclude Include="..\include\ss_mediasgamelist.h">
      <Filter>include</Filter>
    </ClInclude>
    <ClInclude Include="..\include\ss_user.h">
      <Filter>include</Filter>
    </ClInclude>
    <ClInclude Include="..\test\args.h">
      <Filter>sscrap</Filter>
    </ClInclude>
    <ClInclude Include="..\test\scrap.h">
      <Filter>sscrap</Filter>
    </ClInclude>
    <ClInclude Include="..\test\utility.h">
      <Filter>sscrap</Filter>
    </ClInclude>
    <ClInclude Include="..\test\windows\minizip\crypt.h">
      <Filter>sscrap\windows\minizip</Filter>
    </ClInclude>
    <ClInclude Include="..\test\windows\minizip\ioapi.h">
      <Filter>sscrap\windows\minizip</Filter>
    </ClInclude>
    <ClInclude Include="..\test\windows\minizip\unzip.h">
      <Filter>sscrap\windows\minizip</Filter>
    </ClInclude>
    <ClInclude Include="..\test\windows\pthread.h">
      <Filter>sscrap\windows</Filter>
    </ClInclude>
  </ItemGroup>
  <ItemGroup>
    <Filter Include="sscrap">
      <UniqueIdentifier>{a75c448e-c988-4fab-8642-1e88846def03}</UniqueIdentifier>
    </Filter>
    <Filter Include="include">
      <UniqueIdentifier>{bb96f679-323d-4eb1-b91f-a1c33623aafa}</UniqueIdentifier>
    </Filter>
    <Filter Include="source">
      <UniqueIdentifier>{a8a9e19e-9cea-47da-bf70-dca20e417be1}</UniqueIdentifier>
    </Filter>
    <Filter Include="sscrap\windows">
      <UniqueIdentifier>{9bd2cd96-95c5-4bd1-8b15-9aa6674d232c}</UniqueIdentifier>
    </Filter>
    <Filter Include="sscrap\windows\minizip">
      <UniqueIdentifier>{c9922ee0-e8ca-4bd8-850d-77b73e437a6d}</UniqueIdentifier>
    </Filter>
  </ItemGroup>
</Project>